
Microsoft Visual Studio Solution File, Format Version 12.00
# Visual Studio Version 17
VisualStudioVersion = 17.14.36603.0
MinimumVisualStudioVersion = 10.0.40219.1
Project("{2150E333-8FDC-42A3-9474-1A3956D46DE8}") = "Common", "Common", "{02EA681E-C7D8-13C7-8484-4AC65E1B71E8}"
EndProject
Project("{2150E333-8FDC-42A3-9474-1A3956D46DE8}") = "Security", "Security", "{39945E8F-641D-4B6F-924A-AAFE6FB084C0}"
EndProject
Project("{FAE04EC0-301F-11D3-BF4B-00C04F79EFBC}") = "Common.Api", "Common\Api\Common.Api\Common.Api.csproj", "{7071A9B1-B2B2-3198-1391-9001ED0A5F19}"
EndProject
Project("{FAE04EC0-301F-11D3-BF4B-00C04F79EFBC}") = "Common.Api.Controllers", "Common\Api\Common.Api.Controllers\Common.Api.Controllers.csproj", "{8A999756-FA96-F41A-F2F6-C235ED262CE3}"
EndProject
Project("{FAE04EC0-301F-11D3-BF4B-00C04F79EFBC}") = "Common.Api.CustomAttributes", "Common\Api\Common.Api.CustomAttributes\Common.Api.CustomAttributes.csproj", "{D9DD8C70-FEAF-9E61-2FC5-DBCB70DE0F63}"
EndProject
Project("{2150E333-8FDC-42A3-9474-1A3956D46DE8}") = "API", "API", "{378CEB33-BDE8-425F-9A3F-BD90D1EB6C11}"
EndProject
Project("{FAE04EC0-301F-11D3-BF4B-00C04F79EFBC}") = "Common.Application", "Common\Application\Common.Application\Common.Application.csproj", "{BFA7C5BD-32A8-5FC7-2581-C652C7A9DBED}"
EndProject
Project("{FAE04EC0-301F-11D3-BF4B-00C04F79EFBC}") = "Common.Application.DTO", "Common\Application\Common.Application.DTO\Common.Application.DTO.csproj", "{4FBE8D36-09C4-8FB6-27F1-B2C2A0BF70EC}"
EndProject
Project("{2150E333-8FDC-42A3-9474-1A3956D46DE8}") = "Application", "Application", "{CC21EB58-AB0F-48E4-AC9F-DB65D50EF2C7}"
EndProject
Project("{FAE04EC0-301F-11D3-BF4B-00C04F79EFBC}") = "Common.Contracts", "Common\Contracts\Common.Contracts\Common.Contracts.csproj", "{98706DF7-AA78-0A54-DB0B-D18D0FCF5666}"
EndProject
Project("{FAE04EC0-301F-11D3-BF4B-00C04F79EFBC}") = "Common.Domain", "Common\Domain\Common.Domain\Common.Domain.csproj", "{83F8CE58-F6E3-2A22-BA09-A6B44BCFBD5F}"
EndProject
Project("{2150E333-8FDC-42A3-9474-1A3956D46DE8}") = "Domain", "Domain", "{DE3F0343-EBB0-4620-B052-5F0C37BAD7ED}"
EndProject
Project("{FAE04EC0-301F-11D3-BF4B-00C04F79EFBC}") = "Common.Extensions", "Common\Extensions\Common.Extensions\Common.Extensions.csproj", "{330C76D8-5AC2-441B-57A2-4F0CDEF01437}"
EndProject
Project("{FAE04EC0-301F-11D3-BF4B-00C04F79EFBC}") = "Common.Infrastructure", "Common\Infrstructure\Common.Infrastructure\Common.Infrastructure.csproj", "{90F662D6-99BB-12A6-C2E3-77A81316205F}"
EndProject
Project("{FAE04EC0-301F-11D3-BF4B-00C04F79EFBC}") = "Common.Infrastructure.Entities", "Common\Infrstructure\Common.Infrastructure.Entities\Common.Infrastructure.Entities.csproj", "{EE193C9E-6F91-02F5-91BC-BF874779FCC4}"
EndProject
Project("{2150E333-8FDC-42A3-9474-1A3956D46DE8}") = "Infrastructure", "Infrastructure", "{1F33E5A5-B8B3-47B6-8877-E87E5C00275A}"
EndProject
Project("{FAE04EC0-301F-11D3-BF4B-00C04F79EFBC}") = "Security.API", "Security\Security.API\Security.API.csproj", "{10FF5647-D0F8-AA46-51BF-5A2BF7BED604}"
EndProject
Project("{FAE04EC0-301F-11D3-BF4B-00C04F79EFBC}") = "Security.Application", "Security\Security.Application\Security.Application.csproj", "{0DCF2C7F-FC29-3813-4CC9-9DE4806A47A1}"
EndProject
Project("{FAE04EC0-301F-11D3-BF4B-00C04F79EFBC}") = "Security.Controllers", "Security\Security.Controllers\Security.Controllers.csproj", "{D6EF893F-1A48-FDB2-716B-A495B6C02FCE}"
EndProject
Project("{FAE04EC0-301F-11D3-BF4B-00C04F79EFBC}") = "Security.Domain", "Security\Security.Domain\Security.Domain.csproj", "{EDCFF5B3-46DF-D3B9-EA85-11180E85799A}"
EndProject
Project("{2150E333-8FDC-42A3-9474-1A3956D46DE8}") = "Infrastructure", "Infrastructure", "{F906F816-F450-48BF-B0AB-C4E5AF1EC43D}"
EndProject
Project("{FAE04EC0-301F-11D3-BF4B-00C04F79EFBC}") = "Security.Infrastructure.Contracts", "Security\Infrastructure\Security.Infrastructure.Contracts\Security.Infrastructure.Contracts.csproj", "{0604B8D0-57F3-4A24-84A7-AD63189C2D2E}"
EndProject
Project("{2150E333-8FDC-42A3-9474-1A3956D46DE8}") = "Product", "Product", "{35CDFE7A-F74E-4B0B-B3AB-E9E5BCDDE0E6}"
EndProject
Project("{2150E333-8FDC-42A3-9474-1A3956D46DE8}") = "Cart", "Cart", "{50F93E19-C40F-4AED-8572-A07C82CEC09F}"
EndProject
Project("{2150E333-8FDC-42A3-9474-1A3956D46DE8}") = "Order", "Order", "{9A5F74D2-5BB0-443D-8B61-B0CAB4216B71}"
EndProject
Project("{2150E333-8FDC-42A3-9474-1A3956D46DE8}") = "Payment", "Payment", "{4BAED0FC-EE90-4423-9D6A-E89D2A2DB029}"
EndProject
Project("{2150E333-8FDC-42A3-9474-1A3956D46DE8}") = "Invoice", "Invoice", "{A892510C-370F-484E-8DCA-1A3C1BBB2035}"
EndProject
Project("{2150E333-8FDC-42A3-9474-1A3956D46DE8}") = "Notification", "Notification", "{A01A13FC-752C-423B-AC2D-0E4D74A1CE57}"
EndProject
Project("{2150E333-8FDC-42A3-9474-1A3956D46DE8}") = "Inventory", "Inventory", "{CB5235F2-28A3-408A-BE44-6E728B90E10E}"
EndProject
Project("{2150E333-8FDC-42A3-9474-1A3956D46DE8}") = "Shipping", "Shipping", "{BF413092-951B-4E91-8552-37BC0DADCA01}"
EndProject
Project("{FAE04EC0-301F-11D3-BF4B-00C04F79EFBC}") = "Cart.Domain", "Cart\Cart.Domain\Cart.Domain.csproj", "{5D73EE78-BE5E-401E-B7D6-D02047CC7C5A}"
EndProject
Project("{2150E333-8FDC-42A3-9474-1A3956D46DE8}") = "Services", "Services", "{1E65E54F-3E94-492F-8AC7-1A16783ACFC1}"
EndProject
Project("{FAE04EC0-301F-11D3-BF4B-00C04F79EFBC}") = "Order.Domain", "Order\Order.Domain\Order.Domain.csproj", "{B5071C04-5A9E-478E-81D3-7AFDEC3E3AAF}"
EndProject
Project("{FAE04EC0-301F-11D3-BF4B-00C04F79EFBC}") = "Payment.Domain", "Payment\Payment.Domain\Payment.Domain.csproj", "{616B16D9-6847-405C-BF98-D8C1CCC40126}"
EndProject
Project("{FAE04EC0-301F-11D3-BF4B-00C04F79EFBC}") = "Inventory.Domain", "Inventory\Inventory.Domain\Inventory.Domain.csproj", "{AD987A37-DF07-4C2D-9D2C-A5688F37DC4B}"
EndProject
Project("{FAE04EC0-301F-11D3-BF4B-00C04F79EFBC}") = "Invoice.Domain", "Invoice\Invoice.Domain\Invoice.Domain.csproj", "{FF94FCF3-190C-4A26-A029-4B76A4072B21}"
EndProject
Project("{FAE04EC0-301F-11D3-BF4B-00C04F79EFBC}") = "Notification.Domain", "Notification\Notification.Domain\Notification.Domain.csproj", "{807E83F0-A96D-44AA-A11D-95607CC8B6D8}"
EndProject
Project("{FAE04EC0-301F-11D3-BF4B-00C04F79EFBC}") = "Shipping.Domain", "Shipping\Shipping.Domain\Shipping.Domain.csproj", "{BB6683AF-08C7-4251-855F-AA0397759441}"
EndProject
Project("{FAE04EC0-301F-11D3-BF4B-00C04F79EFBC}") = "Product.Domain", "Product\Product.Domain\Product.Domain.csproj", "{2344A02D-B730-49CC-AD46-617B4C340336}"
EndProject
Project("{FAE04EC0-301F-11D3-BF4B-00C04F79EFBC}") = "Shipping.Controllers", "Shipping\Shipping.Controllers\Shipping.Controllers.csproj", "{12147727-6EB4-4915-A570-669A3171F343}"
EndProject
Project("{FAE04EC0-301F-11D3-BF4B-00C04F79EFBC}") = "Shipping.Application", "Shipping\Shipping.Application\Shipping.Application.csproj", "{E6DB4412-F6BA-463C-8933-E71730B04253}"
EndProject
Project("{2150E333-8FDC-42A3-9474-1A3956D46DE8}") = "Infrastructure", "Infrastructure", "{B9A2FADA-E2D9-4E9D-B57C-17FD6BD9A57C}"
EndProject
Project("{FAE04EC0-301F-11D3-BF4B-00C04F79EFBC}") = "Shipping.API", "Shipping\Shipping.API\Shipping.API.csproj", "{858D1C6A-685C-4C01-9E63-B9EA6DA399AC}"
EndProject
Project("{FAE04EC0-301F-11D3-BF4B-00C04F79EFBC}") = "Shipping.Infrastructure", "Shipping\Infrastructure\Shipping.Infrastructure\Shipping.Infrastructure.csproj", "{672C3ADD-9D1D-4177-8104-90D74F32CCDA}"
EndProject
Project("{FAE04EC0-301F-11D3-BF4B-00C04F79EFBC}") = "Product.API", "Product\Product.API\Product.API.csproj", "{7423063C-8BEC-4C7B-A6F6-8515D59CC188}"
EndProject
Project("{FAE04EC0-301F-11D3-BF4B-00C04F79EFBC}") = "Product.Application", "Product\Product.Application\Product.Application.csproj", "{125AC3D9-96F4-4073-85A4-36D78DBFB9AB}"
EndProject
Project("{FAE04EC0-301F-11D3-BF4B-00C04F79EFBC}") = "Product.Controllers", "Product\Product.Controllers\Product.Controllers.csproj", "{75BFE2C2-E577-46F4-916B-3C8ACB377C7B}"
EndProject
Project("{2150E333-8FDC-42A3-9474-1A3956D46DE8}") = "Infrastructure", "Infrastructure", "{665BE1A7-8930-4B97-91A6-1F670B1AB427}"
EndProject
Project("{FAE04EC0-301F-11D3-BF4B-00C04F79EFBC}") = "Payment.API", "Payment\Payment.API\Payment.API.csproj", "{9B8B72F4-2E0D-497E-A53F-1E9A13D7B20B}"
EndProject
Project("{FAE04EC0-301F-11D3-BF4B-00C04F79EFBC}") = "Payment.Application", "Payment\Payment.Application\Payment.Application.csproj", "{0160FB05-E3AF-43FF-B4FF-637AC22725AD}"
EndProject
Project("{FAE04EC0-301F-11D3-BF4B-00C04F79EFBC}") = "Payment.Controllers", "Payment\Payment.Controllers\Payment.Controllers.csproj", "{C3CF74E1-481A-488D-A814-3B3EB5654996}"
EndProject
Project("{2150E333-8FDC-42A3-9474-1A3956D46DE8}") = "Infrastructure", "Infrastructure", "{7E7FE64B-6FED-43F6-8F07-B879937C1A2B}"
EndProject
Project("{FAE04EC0-301F-11D3-BF4B-00C04F79EFBC}") = "Payment.Infrastructure", "Payment\Infrastructure\Payment.Infrastructure\Payment.Infrastructure.csproj", "{902DBA3D-0DF8-4B9A-B096-59566299ADCE}"
EndProject
Project("{FAE04EC0-301F-11D3-BF4B-00C04F79EFBC}") = "Order.Application", "Order\Order.Application\Order.Application.csproj", "{517ECAFD-6CA7-4F9C-9461-CF0D8E8249FC}"
EndProject
Project("{FAE04EC0-301F-11D3-BF4B-00C04F79EFBC}") = "Order.Controllers", "Order\Order.Controllers\Order.Controllers.csproj", "{3BEEA16A-51F2-4184-91A2-952809C8E7A8}"
EndProject
Project("{2150E333-8FDC-42A3-9474-1A3956D46DE8}") = "Infrastructure", "Infrastructure", "{DC0D315D-56AA-4A05-B21A-59B3CAAEE70A}"
EndProject
Project("{FAE04EC0-301F-11D3-BF4B-00C04F79EFBC}") = "Order.Infrastructure", "Order\Infrastructure\Order.Infrastructure\Order.Infrastructure.csproj", "{EDF351AF-FC70-4BAF-B59E-331744E71DCC}"
EndProject
Project("{FAE04EC0-301F-11D3-BF4B-00C04F79EFBC}") = "Order.API", "Order\Order.API\Order.API.csproj", "{A4182BDD-9CF3-4959-81E5-8DB8F1035CB7}"
EndProject
Project("{FAE04EC0-301F-11D3-BF4B-00C04F79EFBC}") = "Notification.Application", "Notification\Notification.Application\Notification.Application.csproj", "{FCC88728-3955-4EE2-94E4-CA6ACC9C0F24}"
EndProject
Project("{FAE04EC0-301F-11D3-BF4B-00C04F79EFBC}") = "Notification.Controllers", "Notification\Notification.Controllers\Notification.Controllers.csproj", "{FF3AD067-C983-4766-8FDF-0E457663A357}"
EndProject
Project("{2150E333-8FDC-42A3-9474-1A3956D46DE8}") = "Infrastructure", "Infrastructure", "{36CA18DB-58E9-40D5-9371-66892ECA1F89}"
EndProject
Project("{FAE04EC0-301F-11D3-BF4B-00C04F79EFBC}") = "Notification.Infrastructure", "Notification\Infrastructure\Notification.Infrastructure\Notification.Infrastructure.csproj", "{C9256F08-C288-46F4-9317-377D3940D416}"
EndProject
Project("{FAE04EC0-301F-11D3-BF4B-00C04F79EFBC}") = "Notification.API", "Notification\Notification.API\Notification.API.csproj", "{EABC9F9C-AA14-41BE-9E38-2625480661F1}"
EndProject
Project("{FAE04EC0-301F-11D3-BF4B-00C04F79EFBC}") = "Invoice.API", "Invoice\Invoice.API\Invoice.API.csproj", "{3FAE7C47-A3E3-42A9-AA09-65C6DD0C772E}"
EndProject
Project("{FAE04EC0-301F-11D3-BF4B-00C04F79EFBC}") = "Invoice.Application", "Invoice\Invoice.Application\Invoice.Application.csproj", "{86AB74F7-1EC7-4721-A323-55BF0DB5628D}"
EndProject
Project("{FAE04EC0-301F-11D3-BF4B-00C04F79EFBC}") = "Invoice.Controllers", "Invoice\Invoice.Controllers\Invoice.Controllers.csproj", "{35EAAF1E-10D1-4873-83C7-D97B7E4A5EDF}"
EndProject
Project("{2150E333-8FDC-42A3-9474-1A3956D46DE8}") = "Infrastructure", "Infrastructure", "{67668A98-89CA-485E-AA99-386B1A0401C1}"
EndProject
Project("{FAE04EC0-301F-11D3-BF4B-00C04F79EFBC}") = "Invoice.Infrastructure", "Invoice\Infrastructure\Invoice.Infrastructure\Invoice.Infrastructure.csproj", "{94F091BC-4AF1-45C3-8AD3-5B05D1972302}"
EndProject
Project("{FAE04EC0-301F-11D3-BF4B-00C04F79EFBC}") = "Inventory.Application", "Inventory\Inventory.Application\Inventory.Application.csproj", "{65487243-9662-4C01-A98F-B20C4D1336C2}"
EndProject
Project("{FAE04EC0-301F-11D3-BF4B-00C04F79EFBC}") = "Inventory.Controllers", "Inventory\Inventory.Controllers\Inventory.Controllers.csproj", "{67ACFBC5-73E0-497D-8180-DB4A45FA9AB2}"
EndProject
Project("{2150E333-8FDC-42A3-9474-1A3956D46DE8}") = "Infrastructure", "Infrastructure", "{5687F344-139E-482E-AEA0-096311E56CDC}"
EndProject
Project("{FAE04EC0-301F-11D3-BF4B-00C04F79EFBC}") = "Inventory.API", "Inventory\Inventory.API\Inventory.API.csproj", "{6D41CED3-1043-4F9A-AEA6-EFA08632969E}"
EndProject
Project("{FAE04EC0-301F-11D3-BF4B-00C04F79EFBC}") = "Cart.Application", "Cart\Cart.Application\Cart.Application.csproj", "{3D495981-835F-41D0-A772-E8E492B18954}"
EndProject
Project("{FAE04EC0-301F-11D3-BF4B-00C04F79EFBC}") = "Cart.Controllers", "Cart\Cart.Controllers\Cart.Controllers.csproj", "{DCC517A9-A241-49A2-8E90-9535C9BE6D9A}"
EndProject
Project("{FAE04EC0-301F-11D3-BF4B-00C04F79EFBC}") = "Cart.API", "Cart\Cart.API\Cart.API.csproj", "{D6258E22-0DBF-413A-AF2A-D6471C0CAD19}"
EndProject
Project("{2150E333-8FDC-42A3-9474-1A3956D46DE8}") = "Infrastructure", "Infrastructure", "{1E0E8ACA-0C2E-403D-B84F-47D34BE8221B}"
EndProject
Project("{2150E333-8FDC-42A3-9474-1A3956D46DE8}") = "Elementos de la solución", "Elementos de la solución", "{D107F4C8-89CC-BEA8-D3D7-CA6B7733353D}"
	ProjectSection(SolutionItems) = preProject
		Migraciones.ps1 = Migraciones.ps1
		README.md = README.md
	EndProjectSection
EndProject
Project("{FAE04EC0-301F-11D3-BF4B-00C04F79EFBC}") = "Security.Infrastructure.Messaging", "Security\Infrastructure\Security.Infrastructure.Messaging\Security.Infrastructure.Messaging.csproj", "{43D3B2C9-E3E2-4E2E-A4B9-FD7BC4C28C36}"
EndProject
Project("{FAE04EC0-301F-11D3-BF4B-00C04F79EFBC}") = "Common.Infrastructure.Messages", "Common\Infrstructure\Common.Infrastructure.Messages\Common.Infrastructure.Messages.csproj", "{9E6046F3-4745-4BEC-88E9-A7191C71C2C1}"
EndProject
Project("{FAE04EC0-301F-11D3-BF4B-00C04F79EFBC}") = "Common.Infrastructure.Seeder", "Common\Infrstructure\Common.Infrastructure.Seeder\Common.Infrastructure.Seeder.csproj", "{A845B412-A32D-47EC-9321-7642B7E96C46}"
EndProject
Project("{FAE04EC0-301F-11D3-BF4B-00C04F79EFBC}") = "Security.Infrastructure.Seeders", "Security\Infrastructure\Security.Infrastructure.Seeders\Security.Infrastructure.Seeders.csproj", "{4B4478A5-77E2-4A29-BD3A-607AD8921A94}"
EndProject
Project("{FAE04EC0-301F-11D3-BF4B-00C04F79EFBC}") = "Product.Infrastructure.Seeders", "Product\Infrastructure\Product.Infrastructure.Seeders\Product.Infrastructure.Seeders.csproj", "{B511A5A7-3E31-4757-AFC6-311C97076377}"
EndProject
Project("{FAE04EC0-301F-11D3-BF4B-00C04F79EFBC}") = "Security.Infrastructure.Cache.Key", "Security\Infrastructure\Security.Infrastructure.Cache.Key\Security.Infrastructure.Cache.Key.csproj", "{012D1DD6-829E-93E2-E60B-1C24DB431235}"
EndProject
Project("{FAE04EC0-301F-11D3-BF4B-00C04F79EFBC}") = "Product.Infrastructure.Cache.Key", "Product\Infrastructure\Product.Infrastructure.Cache.Key\Product.Infrastructure.Cache.Key.csproj", "{59AFB092-D745-30BC-4AA3-A78551716D05}"
EndProject
Project("{FAE04EC0-301F-11D3-BF4B-00C04F79EFBC}") = "Security.Infrastructure.Persistence", "Security\Infrastructure\Security.Infrastructure.Persistence\Security.Infrastructure.Persistence.csproj", "{0EF08183-00DD-48E3-BB58-304AC85175F9}"
EndProject
Project("{FAE04EC0-301F-11D3-BF4B-00C04F79EFBC}") = "Security.Infrastructure.Services", "Security\Infrastructure\Security.Infrastructure.Services\Security.Infrastructure.Services.csproj", "{41953138-CC40-4D81-81FE-94F5972531CC}"
EndProject
Project("{FAE04EC0-301F-11D3-BF4B-00C04F79EFBC}") = "Cart.Infrastructure.Cache.Key", "Cart\Infrastructure\Cart.Infrastructure.Cache.Key\Cart.Infrastructure.Cache.Key.csproj", "{8D9879F6-782F-48EB-AD2C-C185048E7BF9}"
EndProject
Project("{FAE04EC0-301F-11D3-BF4B-00C04F79EFBC}") = "Cart.Infrastructure.Seeders", "Cart\Infrastructure\Cart.Infrastructure.Seeders\Cart.Infrastructure.Seeders.csproj", "{C6B09366-8373-40B3-B7A2-BB01174480C1}"
EndProject
Project("{FAE04EC0-301F-11D3-BF4B-00C04F79EFBC}") = "Cart.Infrastructure.Persistence", "Cart\Infrastructure\Cart.Infrastructure.Persistence\Cart.Infrastructure.Persistence.csproj", "{9A8251BC-A852-4AA4-A569-DE5AEAC085EA}"
EndProject
Project("{FAE04EC0-301F-11D3-BF4B-00C04F79EFBC}") = "Cart.Infrastructure.Contracts", "Cart\Infrastructure\Cart.Infrastructure.Contracts\Cart.Infrastructure.Contracts.csproj", "{D0BEB134-6D5C-4604-B576-88549096759C}"
EndProject
Project("{FAE04EC0-301F-11D3-BF4B-00C04F79EFBC}") = "Cart.Infrastructure.Services", "Cart\Infrastructure\Cart.Infrastructure.Services\Cart.Infrastructure.Services.csproj", "{DB7954E0-8C12-4EDC-9F72-577C6B41A5EF}"
EndProject
Project("{FAE04EC0-301F-11D3-BF4B-00C04F79EFBC}") = "Cart.Infrastructure.Messaging", "Cart\Infrastructure\Cart.Infrastructure.Messaging\Cart.Infrastructure.Messaging.csproj", "{828A8606-277C-44E1-B225-D29331369A50}"
EndProject
Project("{FAE04EC0-301F-11D3-BF4B-00C04F79EFBC}") = "Inventory.Infrastructure.Cache.Key", "Inventory\Infrastructure\Inventory.Infrastructure.Cache.Key\Inventory.Infrastructure.Cache.Key.csproj", "{2C898F70-3824-4876-9298-814561FCF6F4}"
EndProject
Project("{FAE04EC0-301F-11D3-BF4B-00C04F79EFBC}") = "Inventory.Infrastructure.Seeders", "Inventory\Infrastructure\Inventory.Infrastructure.Seeders\Inventory.Infrastructure.Seeders.csproj", "{527CDD32-B4D5-446D-8783-AB9C6F33A0C2}"
EndProject
Project("{FAE04EC0-301F-11D3-BF4B-00C04F79EFBC}") = "Product.Infrastructure.Persistence", "Product\Infrastructure\Product.Infrastructure.Persistence\Product.Infrastructure.Persistence.csproj", "{80C8299A-7D9C-4D6B-A38E-3EA42C90405E}"
EndProject
Project("{FAE04EC0-301F-11D3-BF4B-00C04F79EFBC}") = "Inventory.Infrastructure.Persistence", "Inventory\Infrastructure\Inventory.Infrastructure.Persistence\Inventory.Infrastructure.Persistence.csproj", "{ED430A70-6A84-44CB-A2AA-38ACA7CB8934}"
EndProject
Project("{FAE04EC0-301F-11D3-BF4B-00C04F79EFBC}") = "Common.Infrastructure.Cache", "Common\Infrstructure\Common.Infrastructure.Cache\Common.Infrastructure.Cache.csproj", "{8986A61F-7AA5-4BED-A559-5C8947F0C64E}"
EndProject
Project("{FAE04EC0-301F-11D3-BF4B-00C04F79EFBC}") = "Ecommerce.AppHost", "Ecommerce.AppHost\Ecommerce.AppHost.csproj", "{3FBD2438-4150-452E-8020-877543720555}"
EndProject
Project("{FAE04EC0-301F-11D3-BF4B-00C04F79EFBC}") = "Common.Api.ServiceDefaults", "Common\Api\Common.Api.ServiceDefaults\Common.Api.ServiceDefaults.csproj", "{A7F604EE-E2A3-8F8C-321C-1799EE2334D5}"
EndProject
Project("{2150E333-8FDC-42A3-9474-1A3956D46DE8}") = "Logs", "Logs", "{81BDC80A-0483-46E1-AEE6-415CD7CBBA3F}"
EndProject
Project("{FAE04EC0-301F-11D3-BF4B-00C04F79EFBC}") = "Logs.API", "Logs\Logs.API\Logs.API.csproj", "{7BA4F7DC-85ED-4672-A2EF-6426BB5BD586}"
EndProject
Project("{FAE04EC0-301F-11D3-BF4B-00C04F79EFBC}") = "Logs.Domain", "Logs\Logs.Domain\Logs.Domain.csproj", "{332C8ADE-8DDE-42B3-90A6-18D6966D05CA}"
EndProject
Global
	GlobalSection(SolutionConfigurationPlatforms) = preSolution
		Debug|Any CPU = Debug|Any CPU
		Release|Any CPU = Release|Any CPU
	EndGlobalSection
	GlobalSection(ProjectConfigurationPlatforms) = postSolution
		{7071A9B1-B2B2-3198-1391-9001ED0A5F19}.Debug|Any CPU.ActiveCfg = Debug|Any CPU
		{7071A9B1-B2B2-3198-1391-9001ED0A5F19}.Debug|Any CPU.Build.0 = Debug|Any CPU
		{7071A9B1-B2B2-3198-1391-9001ED0A5F19}.Release|Any CPU.ActiveCfg = Release|Any CPU
		{7071A9B1-B2B2-3198-1391-9001ED0A5F19}.Release|Any CPU.Build.0 = Release|Any CPU
		{8A999756-FA96-F41A-F2F6-C235ED262CE3}.Debug|Any CPU.ActiveCfg = Debug|Any CPU
		{8A999756-FA96-F41A-F2F6-C235ED262CE3}.Debug|Any CPU.Build.0 = Debug|Any CPU
		{8A999756-FA96-F41A-F2F6-C235ED262CE3}.Release|Any CPU.ActiveCfg = Release|Any CPU
		{8A999756-FA96-F41A-F2F6-C235ED262CE3}.Release|Any CPU.Build.0 = Release|Any CPU
		{D9DD8C70-FEAF-9E61-2FC5-DBCB70DE0F63}.Debug|Any CPU.ActiveCfg = Debug|Any CPU
		{D9DD8C70-FEAF-9E61-2FC5-DBCB70DE0F63}.Debug|Any CPU.Build.0 = Debug|Any CPU
		{D9DD8C70-FEAF-9E61-2FC5-DBCB70DE0F63}.Release|Any CPU.ActiveCfg = Release|Any CPU
		{D9DD8C70-FEAF-9E61-2FC5-DBCB70DE0F63}.Release|Any CPU.Build.0 = Release|Any CPU
		{BFA7C5BD-32A8-5FC7-2581-C652C7A9DBED}.Debug|Any CPU.ActiveCfg = Debug|Any CPU
		{BFA7C5BD-32A8-5FC7-2581-C652C7A9DBED}.Debug|Any CPU.Build.0 = Debug|Any CPU
		{BFA7C5BD-32A8-5FC7-2581-C652C7A9DBED}.Release|Any CPU.ActiveCfg = Release|Any CPU
		{BFA7C5BD-32A8-5FC7-2581-C652C7A9DBED}.Release|Any CPU.Build.0 = Release|Any CPU
		{4FBE8D36-09C4-8FB6-27F1-B2C2A0BF70EC}.Debug|Any CPU.ActiveCfg = Debug|Any CPU
		{4FBE8D36-09C4-8FB6-27F1-B2C2A0BF70EC}.Debug|Any CPU.Build.0 = Debug|Any CPU
		{4FBE8D36-09C4-8FB6-27F1-B2C2A0BF70EC}.Release|Any CPU.ActiveCfg = Release|Any CPU
		{4FBE8D36-09C4-8FB6-27F1-B2C2A0BF70EC}.Release|Any CPU.Build.0 = Release|Any CPU
		{98706DF7-AA78-0A54-DB0B-D18D0FCF5666}.Debug|Any CPU.ActiveCfg = Debug|Any CPU
		{98706DF7-AA78-0A54-DB0B-D18D0FCF5666}.Debug|Any CPU.Build.0 = Debug|Any CPU
		{98706DF7-AA78-0A54-DB0B-D18D0FCF5666}.Release|Any CPU.ActiveCfg = Release|Any CPU
		{98706DF7-AA78-0A54-DB0B-D18D0FCF5666}.Release|Any CPU.Build.0 = Release|Any CPU
		{83F8CE58-F6E3-2A22-BA09-A6B44BCFBD5F}.Debug|Any CPU.ActiveCfg = Debug|Any CPU
		{83F8CE58-F6E3-2A22-BA09-A6B44BCFBD5F}.Debug|Any CPU.Build.0 = Debug|Any CPU
		{83F8CE58-F6E3-2A22-BA09-A6B44BCFBD5F}.Release|Any CPU.ActiveCfg = Release|Any CPU
		{83F8CE58-F6E3-2A22-BA09-A6B44BCFBD5F}.Release|Any CPU.Build.0 = Release|Any CPU
		{330C76D8-5AC2-441B-57A2-4F0CDEF01437}.Debug|Any CPU.ActiveCfg = Debug|Any CPU
		{330C76D8-5AC2-441B-57A2-4F0CDEF01437}.Debug|Any CPU.Build.0 = Debug|Any CPU
		{330C76D8-5AC2-441B-57A2-4F0CDEF01437}.Release|Any CPU.ActiveCfg = Release|Any CPU
		{330C76D8-5AC2-441B-57A2-4F0CDEF01437}.Release|Any CPU.Build.0 = Release|Any CPU
		{90F662D6-99BB-12A6-C2E3-77A81316205F}.Debug|Any CPU.ActiveCfg = Debug|Any CPU
		{90F662D6-99BB-12A6-C2E3-77A81316205F}.Debug|Any CPU.Build.0 = Debug|Any CPU
		{90F662D6-99BB-12A6-C2E3-77A81316205F}.Release|Any CPU.ActiveCfg = Release|Any CPU
		{90F662D6-99BB-12A6-C2E3-77A81316205F}.Release|Any CPU.Build.0 = Release|Any CPU
		{EE193C9E-6F91-02F5-91BC-BF874779FCC4}.Debug|Any CPU.ActiveCfg = Debug|Any CPU
		{EE193C9E-6F91-02F5-91BC-BF874779FCC4}.Debug|Any CPU.Build.0 = Debug|Any CPU
		{EE193C9E-6F91-02F5-91BC-BF874779FCC4}.Release|Any CPU.ActiveCfg = Release|Any CPU
		{EE193C9E-6F91-02F5-91BC-BF874779FCC4}.Release|Any CPU.Build.0 = Release|Any CPU
		{10FF5647-D0F8-AA46-51BF-5A2BF7BED604}.Debug|Any CPU.ActiveCfg = Debug|Any CPU
		{10FF5647-D0F8-AA46-51BF-5A2BF7BED604}.Debug|Any CPU.Build.0 = Debug|Any CPU
		{10FF5647-D0F8-AA46-51BF-5A2BF7BED604}.Release|Any CPU.ActiveCfg = Release|Any CPU
		{10FF5647-D0F8-AA46-51BF-5A2BF7BED604}.Release|Any CPU.Build.0 = Release|Any CPU
		{0DCF2C7F-FC29-3813-4CC9-9DE4806A47A1}.Debug|Any CPU.ActiveCfg = Debug|Any CPU
		{0DCF2C7F-FC29-3813-4CC9-9DE4806A47A1}.Debug|Any CPU.Build.0 = Debug|Any CPU
		{0DCF2C7F-FC29-3813-4CC9-9DE4806A47A1}.Release|Any CPU.ActiveCfg = Release|Any CPU
		{0DCF2C7F-FC29-3813-4CC9-9DE4806A47A1}.Release|Any CPU.Build.0 = Release|Any CPU
		{D6EF893F-1A48-FDB2-716B-A495B6C02FCE}.Debug|Any CPU.ActiveCfg = Debug|Any CPU
		{D6EF893F-1A48-FDB2-716B-A495B6C02FCE}.Debug|Any CPU.Build.0 = Debug|Any CPU
		{D6EF893F-1A48-FDB2-716B-A495B6C02FCE}.Release|Any CPU.ActiveCfg = Release|Any CPU
		{D6EF893F-1A48-FDB2-716B-A495B6C02FCE}.Release|Any CPU.Build.0 = Release|Any CPU
		{EDCFF5B3-46DF-D3B9-EA85-11180E85799A}.Debug|Any CPU.ActiveCfg = Debug|Any CPU
		{EDCFF5B3-46DF-D3B9-EA85-11180E85799A}.Debug|Any CPU.Build.0 = Debug|Any CPU
		{EDCFF5B3-46DF-D3B9-EA85-11180E85799A}.Release|Any CPU.ActiveCfg = Release|Any CPU
		{EDCFF5B3-46DF-D3B9-EA85-11180E85799A}.Release|Any CPU.Build.0 = Release|Any CPU
		{0604B8D0-57F3-4A24-84A7-AD63189C2D2E}.Debug|Any CPU.ActiveCfg = Debug|Any CPU
		{0604B8D0-57F3-4A24-84A7-AD63189C2D2E}.Debug|Any CPU.Build.0 = Debug|Any CPU
		{0604B8D0-57F3-4A24-84A7-AD63189C2D2E}.Release|Any CPU.ActiveCfg = Release|Any CPU
		{0604B8D0-57F3-4A24-84A7-AD63189C2D2E}.Release|Any CPU.Build.0 = Release|Any CPU
		{5D73EE78-BE5E-401E-B7D6-D02047CC7C5A}.Debug|Any CPU.ActiveCfg = Debug|Any CPU
		{5D73EE78-BE5E-401E-B7D6-D02047CC7C5A}.Debug|Any CPU.Build.0 = Debug|Any CPU
		{5D73EE78-BE5E-401E-B7D6-D02047CC7C5A}.Release|Any CPU.ActiveCfg = Release|Any CPU
		{5D73EE78-BE5E-401E-B7D6-D02047CC7C5A}.Release|Any CPU.Build.0 = Release|Any CPU
		{B5071C04-5A9E-478E-81D3-7AFDEC3E3AAF}.Debug|Any CPU.ActiveCfg = Debug|Any CPU
		{B5071C04-5A9E-478E-81D3-7AFDEC3E3AAF}.Debug|Any CPU.Build.0 = Debug|Any CPU
		{B5071C04-5A9E-478E-81D3-7AFDEC3E3AAF}.Release|Any CPU.ActiveCfg = Release|Any CPU
		{B5071C04-5A9E-478E-81D3-7AFDEC3E3AAF}.Release|Any CPU.Build.0 = Release|Any CPU
		{616B16D9-6847-405C-BF98-D8C1CCC40126}.Debug|Any CPU.ActiveCfg = Debug|Any CPU
		{616B16D9-6847-405C-BF98-D8C1CCC40126}.Debug|Any CPU.Build.0 = Debug|Any CPU
		{616B16D9-6847-405C-BF98-D8C1CCC40126}.Release|Any CPU.ActiveCfg = Release|Any CPU
		{616B16D9-6847-405C-BF98-D8C1CCC40126}.Release|Any CPU.Build.0 = Release|Any CPU
		{AD987A37-DF07-4C2D-9D2C-A5688F37DC4B}.Debug|Any CPU.ActiveCfg = Debug|Any CPU
		{AD987A37-DF07-4C2D-9D2C-A5688F37DC4B}.Debug|Any CPU.Build.0 = Debug|Any CPU
		{AD987A37-DF07-4C2D-9D2C-A5688F37DC4B}.Release|Any CPU.ActiveCfg = Release|Any CPU
		{AD987A37-DF07-4C2D-9D2C-A5688F37DC4B}.Release|Any CPU.Build.0 = Release|Any CPU
		{FF94FCF3-190C-4A26-A029-4B76A4072B21}.Debug|Any CPU.ActiveCfg = Debug|Any CPU
		{FF94FCF3-190C-4A26-A029-4B76A4072B21}.Debug|Any CPU.Build.0 = Debug|Any CPU
		{FF94FCF3-190C-4A26-A029-4B76A4072B21}.Release|Any CPU.ActiveCfg = Release|Any CPU
		{FF94FCF3-190C-4A26-A029-4B76A4072B21}.Release|Any CPU.Build.0 = Release|Any CPU
		{807E83F0-A96D-44AA-A11D-95607CC8B6D8}.Debug|Any CPU.ActiveCfg = Debug|Any CPU
		{807E83F0-A96D-44AA-A11D-95607CC8B6D8}.Debug|Any CPU.Build.0 = Debug|Any CPU
		{807E83F0-A96D-44AA-A11D-95607CC8B6D8}.Release|Any CPU.ActiveCfg = Release|Any CPU
		{807E83F0-A96D-44AA-A11D-95607CC8B6D8}.Release|Any CPU.Build.0 = Release|Any CPU
		{BB6683AF-08C7-4251-855F-AA0397759441}.Debug|Any CPU.ActiveCfg = Debug|Any CPU
		{BB6683AF-08C7-4251-855F-AA0397759441}.Debug|Any CPU.Build.0 = Debug|Any CPU
		{BB6683AF-08C7-4251-855F-AA0397759441}.Release|Any CPU.ActiveCfg = Release|Any CPU
		{BB6683AF-08C7-4251-855F-AA0397759441}.Release|Any CPU.Build.0 = Release|Any CPU
		{2344A02D-B730-49CC-AD46-617B4C340336}.Debug|Any CPU.ActiveCfg = Debug|Any CPU
		{2344A02D-B730-49CC-AD46-617B4C340336}.Debug|Any CPU.Build.0 = Debug|Any CPU
		{2344A02D-B730-49CC-AD46-617B4C340336}.Release|Any CPU.ActiveCfg = Release|Any CPU
		{2344A02D-B730-49CC-AD46-617B4C340336}.Release|Any CPU.Build.0 = Release|Any CPU
		{12147727-6EB4-4915-A570-669A3171F343}.Debug|Any CPU.ActiveCfg = Debug|Any CPU
		{12147727-6EB4-4915-A570-669A3171F343}.Debug|Any CPU.Build.0 = Debug|Any CPU
		{12147727-6EB4-4915-A570-669A3171F343}.Release|Any CPU.ActiveCfg = Release|Any CPU
		{12147727-6EB4-4915-A570-669A3171F343}.Release|Any CPU.Build.0 = Release|Any CPU
		{E6DB4412-F6BA-463C-8933-E71730B04253}.Debug|Any CPU.ActiveCfg = Debug|Any CPU
		{E6DB4412-F6BA-463C-8933-E71730B04253}.Debug|Any CPU.Build.0 = Debug|Any CPU
		{E6DB4412-F6BA-463C-8933-E71730B04253}.Release|Any CPU.ActiveCfg = Release|Any CPU
		{E6DB4412-F6BA-463C-8933-E71730B04253}.Release|Any CPU.Build.0 = Release|Any CPU
		{858D1C6A-685C-4C01-9E63-B9EA6DA399AC}.Debug|Any CPU.ActiveCfg = Debug|Any CPU
		{858D1C6A-685C-4C01-9E63-B9EA6DA399AC}.Debug|Any CPU.Build.0 = Debug|Any CPU
		{858D1C6A-685C-4C01-9E63-B9EA6DA399AC}.Release|Any CPU.ActiveCfg = Release|Any CPU
		{858D1C6A-685C-4C01-9E63-B9EA6DA399AC}.Release|Any CPU.Build.0 = Release|Any CPU
		{672C3ADD-9D1D-4177-8104-90D74F32CCDA}.Debug|Any CPU.ActiveCfg = Debug|Any CPU
		{672C3ADD-9D1D-4177-8104-90D74F32CCDA}.Debug|Any CPU.Build.0 = Debug|Any CPU
		{672C3ADD-9D1D-4177-8104-90D74F32CCDA}.Release|Any CPU.ActiveCfg = Release|Any CPU
		{672C3ADD-9D1D-4177-8104-90D74F32CCDA}.Release|Any CPU.Build.0 = Release|Any CPU
		{7423063C-8BEC-4C7B-A6F6-8515D59CC188}.Debug|Any CPU.ActiveCfg = Debug|Any CPU
		{7423063C-8BEC-4C7B-A6F6-8515D59CC188}.Debug|Any CPU.Build.0 = Debug|Any CPU
		{7423063C-8BEC-4C7B-A6F6-8515D59CC188}.Release|Any CPU.ActiveCfg = Release|Any CPU
		{7423063C-8BEC-4C7B-A6F6-8515D59CC188}.Release|Any CPU.Build.0 = Release|Any CPU
		{125AC3D9-96F4-4073-85A4-36D78DBFB9AB}.Debug|Any CPU.ActiveCfg = Debug|Any CPU
		{125AC3D9-96F4-4073-85A4-36D78DBFB9AB}.Debug|Any CPU.Build.0 = Debug|Any CPU
		{125AC3D9-96F4-4073-85A4-36D78DBFB9AB}.Release|Any CPU.ActiveCfg = Release|Any CPU
		{125AC3D9-96F4-4073-85A4-36D78DBFB9AB}.Release|Any CPU.Build.0 = Release|Any CPU
		{75BFE2C2-E577-46F4-916B-3C8ACB377C7B}.Debug|Any CPU.ActiveCfg = Debug|Any CPU
		{75BFE2C2-E577-46F4-916B-3C8ACB377C7B}.Debug|Any CPU.Build.0 = Debug|Any CPU
		{75BFE2C2-E577-46F4-916B-3C8ACB377C7B}.Release|Any CPU.ActiveCfg = Release|Any CPU
		{75BFE2C2-E577-46F4-916B-3C8ACB377C7B}.Release|Any CPU.Build.0 = Release|Any CPU
		{9B8B72F4-2E0D-497E-A53F-1E9A13D7B20B}.Debug|Any CPU.ActiveCfg = Debug|Any CPU
		{9B8B72F4-2E0D-497E-A53F-1E9A13D7B20B}.Debug|Any CPU.Build.0 = Debug|Any CPU
		{9B8B72F4-2E0D-497E-A53F-1E9A13D7B20B}.Release|Any CPU.ActiveCfg = Release|Any CPU
		{9B8B72F4-2E0D-497E-A53F-1E9A13D7B20B}.Release|Any CPU.Build.0 = Release|Any CPU
		{0160FB05-E3AF-43FF-B4FF-637AC22725AD}.Debug|Any CPU.ActiveCfg = Debug|Any CPU
		{0160FB05-E3AF-43FF-B4FF-637AC22725AD}.Debug|Any CPU.Build.0 = Debug|Any CPU
		{0160FB05-E3AF-43FF-B4FF-637AC22725AD}.Release|Any CPU.ActiveCfg = Release|Any CPU
		{0160FB05-E3AF-43FF-B4FF-637AC22725AD}.Release|Any CPU.Build.0 = Release|Any CPU
		{C3CF74E1-481A-488D-A814-3B3EB5654996}.Debug|Any CPU.ActiveCfg = Debug|Any CPU
		{C3CF74E1-481A-488D-A814-3B3EB5654996}.Debug|Any CPU.Build.0 = Debug|Any CPU
		{C3CF74E1-481A-488D-A814-3B3EB5654996}.Release|Any CPU.ActiveCfg = Release|Any CPU
		{C3CF74E1-481A-488D-A814-3B3EB5654996}.Release|Any CPU.Build.0 = Release|Any CPU
		{902DBA3D-0DF8-4B9A-B096-59566299ADCE}.Debug|Any CPU.ActiveCfg = Debug|Any CPU
		{902DBA3D-0DF8-4B9A-B096-59566299ADCE}.Debug|Any CPU.Build.0 = Debug|Any CPU
		{902DBA3D-0DF8-4B9A-B096-59566299ADCE}.Release|Any CPU.ActiveCfg = Release|Any CPU
		{902DBA3D-0DF8-4B9A-B096-59566299ADCE}.Release|Any CPU.Build.0 = Release|Any CPU
		{517ECAFD-6CA7-4F9C-9461-CF0D8E8249FC}.Debug|Any CPU.ActiveCfg = Debug|Any CPU
		{517ECAFD-6CA7-4F9C-9461-CF0D8E8249FC}.Debug|Any CPU.Build.0 = Debug|Any CPU
		{517ECAFD-6CA7-4F9C-9461-CF0D8E8249FC}.Release|Any CPU.ActiveCfg = Release|Any CPU
		{517ECAFD-6CA7-4F9C-9461-CF0D8E8249FC}.Release|Any CPU.Build.0 = Release|Any CPU
		{3BEEA16A-51F2-4184-91A2-952809C8E7A8}.Debug|Any CPU.ActiveCfg = Debug|Any CPU
		{3BEEA16A-51F2-4184-91A2-952809C8E7A8}.Debug|Any CPU.Build.0 = Debug|Any CPU
		{3BEEA16A-51F2-4184-91A2-952809C8E7A8}.Release|Any CPU.ActiveCfg = Release|Any CPU
		{3BEEA16A-51F2-4184-91A2-952809C8E7A8}.Release|Any CPU.Build.0 = Release|Any CPU
		{EDF351AF-FC70-4BAF-B59E-331744E71DCC}.Debug|Any CPU.ActiveCfg = Debug|Any CPU
		{EDF351AF-FC70-4BAF-B59E-331744E71DCC}.Debug|Any CPU.Build.0 = Debug|Any CPU
		{EDF351AF-FC70-4BAF-B59E-331744E71DCC}.Release|Any CPU.ActiveCfg = Release|Any CPU
		{EDF351AF-FC70-4BAF-B59E-331744E71DCC}.Release|Any CPU.Build.0 = Release|Any CPU
		{A4182BDD-9CF3-4959-81E5-8DB8F1035CB7}.Debug|Any CPU.ActiveCfg = Debug|Any CPU
		{A4182BDD-9CF3-4959-81E5-8DB8F1035CB7}.Debug|Any CPU.Build.0 = Debug|Any CPU
		{A4182BDD-9CF3-4959-81E5-8DB8F1035CB7}.Release|Any CPU.ActiveCfg = Release|Any CPU
		{A4182BDD-9CF3-4959-81E5-8DB8F1035CB7}.Release|Any CPU.Build.0 = Release|Any CPU
		{FCC88728-3955-4EE2-94E4-CA6ACC9C0F24}.Debug|Any CPU.ActiveCfg = Debug|Any CPU
		{FCC88728-3955-4EE2-94E4-CA6ACC9C0F24}.Debug|Any CPU.Build.0 = Debug|Any CPU
		{FCC88728-3955-4EE2-94E4-CA6ACC9C0F24}.Release|Any CPU.ActiveCfg = Release|Any CPU
		{FCC88728-3955-4EE2-94E4-CA6ACC9C0F24}.Release|Any CPU.Build.0 = Release|Any CPU
		{FF3AD067-C983-4766-8FDF-0E457663A357}.Debug|Any CPU.ActiveCfg = Debug|Any CPU
		{FF3AD067-C983-4766-8FDF-0E457663A357}.Debug|Any CPU.Build.0 = Debug|Any CPU
		{FF3AD067-C983-4766-8FDF-0E457663A357}.Release|Any CPU.ActiveCfg = Release|Any CPU
		{FF3AD067-C983-4766-8FDF-0E457663A357}.Release|Any CPU.Build.0 = Release|Any CPU
		{C9256F08-C288-46F4-9317-377D3940D416}.Debug|Any CPU.ActiveCfg = Debug|Any CPU
		{C9256F08-C288-46F4-9317-377D3940D416}.Debug|Any CPU.Build.0 = Debug|Any CPU
		{C9256F08-C288-46F4-9317-377D3940D416}.Release|Any CPU.ActiveCfg = Release|Any CPU
		{C9256F08-C288-46F4-9317-377D3940D416}.Release|Any CPU.Build.0 = Release|Any CPU
		{EABC9F9C-AA14-41BE-9E38-2625480661F1}.Debug|Any CPU.ActiveCfg = Debug|Any CPU
		{EABC9F9C-AA14-41BE-9E38-2625480661F1}.Debug|Any CPU.Build.0 = Debug|Any CPU
		{EABC9F9C-AA14-41BE-9E38-2625480661F1}.Release|Any CPU.ActiveCfg = Release|Any CPU
		{EABC9F9C-AA14-41BE-9E38-2625480661F1}.Release|Any CPU.Build.0 = Release|Any CPU
		{3FAE7C47-A3E3-42A9-AA09-65C6DD0C772E}.Debug|Any CPU.ActiveCfg = Debug|Any CPU
		{3FAE7C47-A3E3-42A9-AA09-65C6DD0C772E}.Debug|Any CPU.Build.0 = Debug|Any CPU
		{3FAE7C47-A3E3-42A9-AA09-65C6DD0C772E}.Release|Any CPU.ActiveCfg = Release|Any CPU
		{3FAE7C47-A3E3-42A9-AA09-65C6DD0C772E}.Release|Any CPU.Build.0 = Release|Any CPU
		{86AB74F7-1EC7-4721-A323-55BF0DB5628D}.Debug|Any CPU.ActiveCfg = Debug|Any CPU
		{86AB74F7-1EC7-4721-A323-55BF0DB5628D}.Debug|Any CPU.Build.0 = Debug|Any CPU
		{86AB74F7-1EC7-4721-A323-55BF0DB5628D}.Release|Any CPU.ActiveCfg = Release|Any CPU
		{86AB74F7-1EC7-4721-A323-55BF0DB5628D}.Release|Any CPU.Build.0 = Release|Any CPU
		{35EAAF1E-10D1-4873-83C7-D97B7E4A5EDF}.Debug|Any CPU.ActiveCfg = Debug|Any CPU
		{35EAAF1E-10D1-4873-83C7-D97B7E4A5EDF}.Debug|Any CPU.Build.0 = Debug|Any CPU
		{35EAAF1E-10D1-4873-83C7-D97B7E4A5EDF}.Release|Any CPU.ActiveCfg = Release|Any CPU
		{35EAAF1E-10D1-4873-83C7-D97B7E4A5EDF}.Release|Any CPU.Build.0 = Release|Any CPU
		{94F091BC-4AF1-45C3-8AD3-5B05D1972302}.Debug|Any CPU.ActiveCfg = Debug|Any CPU
		{94F091BC-4AF1-45C3-8AD3-5B05D1972302}.Debug|Any CPU.Build.0 = Debug|Any CPU
		{94F091BC-4AF1-45C3-8AD3-5B05D1972302}.Release|Any CPU.ActiveCfg = Release|Any CPU
		{94F091BC-4AF1-45C3-8AD3-5B05D1972302}.Release|Any CPU.Build.0 = Release|Any CPU
		{65487243-9662-4C01-A98F-B20C4D1336C2}.Debug|Any CPU.ActiveCfg = Debug|Any CPU
		{65487243-9662-4C01-A98F-B20C4D1336C2}.Debug|Any CPU.Build.0 = Debug|Any CPU
		{65487243-9662-4C01-A98F-B20C4D1336C2}.Release|Any CPU.ActiveCfg = Release|Any CPU
		{65487243-9662-4C01-A98F-B20C4D1336C2}.Release|Any CPU.Build.0 = Release|Any CPU
		{67ACFBC5-73E0-497D-8180-DB4A45FA9AB2}.Debug|Any CPU.ActiveCfg = Debug|Any CPU
		{67ACFBC5-73E0-497D-8180-DB4A45FA9AB2}.Debug|Any CPU.Build.0 = Debug|Any CPU
		{67ACFBC5-73E0-497D-8180-DB4A45FA9AB2}.Release|Any CPU.ActiveCfg = Release|Any CPU
		{67ACFBC5-73E0-497D-8180-DB4A45FA9AB2}.Release|Any CPU.Build.0 = Release|Any CPU
		{6D41CED3-1043-4F9A-AEA6-EFA08632969E}.Debug|Any CPU.ActiveCfg = Debug|Any CPU
		{6D41CED3-1043-4F9A-AEA6-EFA08632969E}.Debug|Any CPU.Build.0 = Debug|Any CPU
		{6D41CED3-1043-4F9A-AEA6-EFA08632969E}.Release|Any CPU.ActiveCfg = Release|Any CPU
		{6D41CED3-1043-4F9A-AEA6-EFA08632969E}.Release|Any CPU.Build.0 = Release|Any CPU
		{3D495981-835F-41D0-A772-E8E492B18954}.Debug|Any CPU.ActiveCfg = Debug|Any CPU
		{3D495981-835F-41D0-A772-E8E492B18954}.Debug|Any CPU.Build.0 = Debug|Any CPU
		{3D495981-835F-41D0-A772-E8E492B18954}.Release|Any CPU.ActiveCfg = Release|Any CPU
		{3D495981-835F-41D0-A772-E8E492B18954}.Release|Any CPU.Build.0 = Release|Any CPU
		{DCC517A9-A241-49A2-8E90-9535C9BE6D9A}.Debug|Any CPU.ActiveCfg = Debug|Any CPU
		{DCC517A9-A241-49A2-8E90-9535C9BE6D9A}.Debug|Any CPU.Build.0 = Debug|Any CPU
		{DCC517A9-A241-49A2-8E90-9535C9BE6D9A}.Release|Any CPU.ActiveCfg = Release|Any CPU
		{DCC517A9-A241-49A2-8E90-9535C9BE6D9A}.Release|Any CPU.Build.0 = Release|Any CPU
		{D6258E22-0DBF-413A-AF2A-D6471C0CAD19}.Debug|Any CPU.ActiveCfg = Debug|Any CPU
		{D6258E22-0DBF-413A-AF2A-D6471C0CAD19}.Debug|Any CPU.Build.0 = Debug|Any CPU
		{D6258E22-0DBF-413A-AF2A-D6471C0CAD19}.Release|Any CPU.ActiveCfg = Release|Any CPU
		{D6258E22-0DBF-413A-AF2A-D6471C0CAD19}.Release|Any CPU.Build.0 = Release|Any CPU
		{43D3B2C9-E3E2-4E2E-A4B9-FD7BC4C28C36}.Debug|Any CPU.ActiveCfg = Debug|Any CPU
		{43D3B2C9-E3E2-4E2E-A4B9-FD7BC4C28C36}.Debug|Any CPU.Build.0 = Debug|Any CPU
		{43D3B2C9-E3E2-4E2E-A4B9-FD7BC4C28C36}.Release|Any CPU.ActiveCfg = Release|Any CPU
		{43D3B2C9-E3E2-4E2E-A4B9-FD7BC4C28C36}.Release|Any CPU.Build.0 = Release|Any CPU
		{9E6046F3-4745-4BEC-88E9-A7191C71C2C1}.Debug|Any CPU.ActiveCfg = Debug|Any CPU
		{9E6046F3-4745-4BEC-88E9-A7191C71C2C1}.Debug|Any CPU.Build.0 = Debug|Any CPU
		{9E6046F3-4745-4BEC-88E9-A7191C71C2C1}.Release|Any CPU.ActiveCfg = Release|Any CPU
		{9E6046F3-4745-4BEC-88E9-A7191C71C2C1}.Release|Any CPU.Build.0 = Release|Any CPU
		{A845B412-A32D-47EC-9321-7642B7E96C46}.Debug|Any CPU.ActiveCfg = Debug|Any CPU
		{A845B412-A32D-47EC-9321-7642B7E96C46}.Debug|Any CPU.Build.0 = Debug|Any CPU
		{A845B412-A32D-47EC-9321-7642B7E96C46}.Release|Any CPU.ActiveCfg = Release|Any CPU
		{A845B412-A32D-47EC-9321-7642B7E96C46}.Release|Any CPU.Build.0 = Release|Any CPU
		{4B4478A5-77E2-4A29-BD3A-607AD8921A94}.Debug|Any CPU.ActiveCfg = Debug|Any CPU
		{4B4478A5-77E2-4A29-BD3A-607AD8921A94}.Debug|Any CPU.Build.0 = Debug|Any CPU
		{4B4478A5-77E2-4A29-BD3A-607AD8921A94}.Release|Any CPU.ActiveCfg = Release|Any CPU
		{4B4478A5-77E2-4A29-BD3A-607AD8921A94}.Release|Any CPU.Build.0 = Release|Any CPU
		{B511A5A7-3E31-4757-AFC6-311C97076377}.Debug|Any CPU.ActiveCfg = Debug|Any CPU
		{B511A5A7-3E31-4757-AFC6-311C97076377}.Debug|Any CPU.Build.0 = Debug|Any CPU
		{B511A5A7-3E31-4757-AFC6-311C97076377}.Release|Any CPU.ActiveCfg = Release|Any CPU
		{B511A5A7-3E31-4757-AFC6-311C97076377}.Release|Any CPU.Build.0 = Release|Any CPU
		{012D1DD6-829E-93E2-E60B-1C24DB431235}.Debug|Any CPU.ActiveCfg = Debug|Any CPU
		{012D1DD6-829E-93E2-E60B-1C24DB431235}.Debug|Any CPU.Build.0 = Debug|Any CPU
		{012D1DD6-829E-93E2-E60B-1C24DB431235}.Release|Any CPU.ActiveCfg = Release|Any CPU
		{012D1DD6-829E-93E2-E60B-1C24DB431235}.Release|Any CPU.Build.0 = Release|Any CPU
		{59AFB092-D745-30BC-4AA3-A78551716D05}.Debug|Any CPU.ActiveCfg = Debug|Any CPU
		{59AFB092-D745-30BC-4AA3-A78551716D05}.Debug|Any CPU.Build.0 = Debug|Any CPU
		{59AFB092-D745-30BC-4AA3-A78551716D05}.Release|Any CPU.ActiveCfg = Release|Any CPU
		{59AFB092-D745-30BC-4AA3-A78551716D05}.Release|Any CPU.Build.0 = Release|Any CPU
		{0EF08183-00DD-48E3-BB58-304AC85175F9}.Debug|Any CPU.ActiveCfg = Debug|Any CPU
		{0EF08183-00DD-48E3-BB58-304AC85175F9}.Debug|Any CPU.Build.0 = Debug|Any CPU
		{0EF08183-00DD-48E3-BB58-304AC85175F9}.Release|Any CPU.ActiveCfg = Release|Any CPU
		{0EF08183-00DD-48E3-BB58-304AC85175F9}.Release|Any CPU.Build.0 = Release|Any CPU
		{41953138-CC40-4D81-81FE-94F5972531CC}.Debug|Any CPU.ActiveCfg = Debug|Any CPU
		{41953138-CC40-4D81-81FE-94F5972531CC}.Debug|Any CPU.Build.0 = Debug|Any CPU
		{41953138-CC40-4D81-81FE-94F5972531CC}.Release|Any CPU.ActiveCfg = Release|Any CPU
		{41953138-CC40-4D81-81FE-94F5972531CC}.Release|Any CPU.Build.0 = Release|Any CPU
		{8D9879F6-782F-48EB-AD2C-C185048E7BF9}.Debug|Any CPU.ActiveCfg = Debug|Any CPU
		{8D9879F6-782F-48EB-AD2C-C185048E7BF9}.Debug|Any CPU.Build.0 = Debug|Any CPU
		{8D9879F6-782F-48EB-AD2C-C185048E7BF9}.Release|Any CPU.ActiveCfg = Release|Any CPU
		{8D9879F6-782F-48EB-AD2C-C185048E7BF9}.Release|Any CPU.Build.0 = Release|Any CPU
		{C6B09366-8373-40B3-B7A2-BB01174480C1}.Debug|Any CPU.ActiveCfg = Debug|Any CPU
		{C6B09366-8373-40B3-B7A2-BB01174480C1}.Debug|Any CPU.Build.0 = Debug|Any CPU
		{C6B09366-8373-40B3-B7A2-BB01174480C1}.Release|Any CPU.ActiveCfg = Release|Any CPU
		{C6B09366-8373-40B3-B7A2-BB01174480C1}.Release|Any CPU.Build.0 = Release|Any CPU
		{9A8251BC-A852-4AA4-A569-DE5AEAC085EA}.Debug|Any CPU.ActiveCfg = Debug|Any CPU
		{9A8251BC-A852-4AA4-A569-DE5AEAC085EA}.Debug|Any CPU.Build.0 = Debug|Any CPU
		{9A8251BC-A852-4AA4-A569-DE5AEAC085EA}.Release|Any CPU.ActiveCfg = Release|Any CPU
		{9A8251BC-A852-4AA4-A569-DE5AEAC085EA}.Release|Any CPU.Build.0 = Release|Any CPU
		{D0BEB134-6D5C-4604-B576-88549096759C}.Debug|Any CPU.ActiveCfg = Debug|Any CPU
		{D0BEB134-6D5C-4604-B576-88549096759C}.Debug|Any CPU.Build.0 = Debug|Any CPU
		{D0BEB134-6D5C-4604-B576-88549096759C}.Release|Any CPU.ActiveCfg = Release|Any CPU
		{D0BEB134-6D5C-4604-B576-88549096759C}.Release|Any CPU.Build.0 = Release|Any CPU
		{DB7954E0-8C12-4EDC-9F72-577C6B41A5EF}.Debug|Any CPU.ActiveCfg = Debug|Any CPU
		{DB7954E0-8C12-4EDC-9F72-577C6B41A5EF}.Debug|Any CPU.Build.0 = Debug|Any CPU
		{DB7954E0-8C12-4EDC-9F72-577C6B41A5EF}.Release|Any CPU.ActiveCfg = Release|Any CPU
		{DB7954E0-8C12-4EDC-9F72-577C6B41A5EF}.Release|Any CPU.Build.0 = Release|Any CPU
		{828A8606-277C-44E1-B225-D29331369A50}.Debug|Any CPU.ActiveCfg = Debug|Any CPU
		{828A8606-277C-44E1-B225-D29331369A50}.Debug|Any CPU.Build.0 = Debug|Any CPU
		{828A8606-277C-44E1-B225-D29331369A50}.Release|Any CPU.ActiveCfg = Release|Any CPU
		{828A8606-277C-44E1-B225-D29331369A50}.Release|Any CPU.Build.0 = Release|Any CPU
		{2C898F70-3824-4876-9298-814561FCF6F4}.Debug|Any CPU.ActiveCfg = Debug|Any CPU
		{2C898F70-3824-4876-9298-814561FCF6F4}.Debug|Any CPU.Build.0 = Debug|Any CPU
		{2C898F70-3824-4876-9298-814561FCF6F4}.Release|Any CPU.ActiveCfg = Release|Any CPU
		{2C898F70-3824-4876-9298-814561FCF6F4}.Release|Any CPU.Build.0 = Release|Any CPU
		{527CDD32-B4D5-446D-8783-AB9C6F33A0C2}.Debug|Any CPU.ActiveCfg = Debug|Any CPU
		{527CDD32-B4D5-446D-8783-AB9C6F33A0C2}.Debug|Any CPU.Build.0 = Debug|Any CPU
		{527CDD32-B4D5-446D-8783-AB9C6F33A0C2}.Release|Any CPU.ActiveCfg = Release|Any CPU
		{527CDD32-B4D5-446D-8783-AB9C6F33A0C2}.Release|Any CPU.Build.0 = Release|Any CPU
		{80C8299A-7D9C-4D6B-A38E-3EA42C90405E}.Debug|Any CPU.ActiveCfg = Debug|Any CPU
		{80C8299A-7D9C-4D6B-A38E-3EA42C90405E}.Debug|Any CPU.Build.0 = Debug|Any CPU
		{80C8299A-7D9C-4D6B-A38E-3EA42C90405E}.Release|Any CPU.ActiveCfg = Release|Any CPU
		{80C8299A-7D9C-4D6B-A38E-3EA42C90405E}.Release|Any CPU.Build.0 = Release|Any CPU
		{ED430A70-6A84-44CB-A2AA-38ACA7CB8934}.Debug|Any CPU.ActiveCfg = Debug|Any CPU
		{ED430A70-6A84-44CB-A2AA-38ACA7CB8934}.Debug|Any CPU.Build.0 = Debug|Any CPU
		{ED430A70-6A84-44CB-A2AA-38ACA7CB8934}.Release|Any CPU.ActiveCfg = Release|Any CPU
		{ED430A70-6A84-44CB-A2AA-38ACA7CB8934}.Release|Any CPU.Build.0 = Release|Any CPU
		{8986A61F-7AA5-4BED-A559-5C8947F0C64E}.Debug|Any CPU.ActiveCfg = Debug|Any CPU
		{8986A61F-7AA5-4BED-A559-5C8947F0C64E}.Debug|Any CPU.Build.0 = Debug|Any CPU
		{8986A61F-7AA5-4BED-A559-5C8947F0C64E}.Release|Any CPU.ActiveCfg = Release|Any CPU
		{8986A61F-7AA5-4BED-A559-5C8947F0C64E}.Release|Any CPU.Build.0 = Release|Any CPU
		{3FBD2438-4150-452E-8020-877543720555}.Debug|Any CPU.ActiveCfg = Debug|Any CPU
		{3FBD2438-4150-452E-8020-877543720555}.Debug|Any CPU.Build.0 = Debug|Any CPU
		{3FBD2438-4150-452E-8020-877543720555}.Release|Any CPU.ActiveCfg = Release|Any CPU
		{3FBD2438-4150-452E-8020-877543720555}.Release|Any CPU.Build.0 = Release|Any CPU
		{A7F604EE-E2A3-8F8C-321C-1799EE2334D5}.Debug|Any CPU.ActiveCfg = Debug|Any CPU
		{A7F604EE-E2A3-8F8C-321C-1799EE2334D5}.Debug|Any CPU.Build.0 = Debug|Any CPU
		{A7F604EE-E2A3-8F8C-321C-1799EE2334D5}.Release|Any CPU.ActiveCfg = Release|Any CPU
		{A7F604EE-E2A3-8F8C-321C-1799EE2334D5}.Release|Any CPU.Build.0 = Release|Any CPU
		{7BA4F7DC-85ED-4672-A2EF-6426BB5BD586}.Debug|Any CPU.ActiveCfg = Debug|Any CPU
		{7BA4F7DC-85ED-4672-A2EF-6426BB5BD586}.Debug|Any CPU.Build.0 = Debug|Any CPU
		{7BA4F7DC-85ED-4672-A2EF-6426BB5BD586}.Release|Any CPU.ActiveCfg = Release|Any CPU
		{7BA4F7DC-85ED-4672-A2EF-6426BB5BD586}.Release|Any CPU.Build.0 = Release|Any CPU
		{332C8ADE-8DDE-42B3-90A6-18D6966D05CA}.Debug|Any CPU.ActiveCfg = Debug|Any CPU
		{332C8ADE-8DDE-42B3-90A6-18D6966D05CA}.Debug|Any CPU.Build.0 = Debug|Any CPU
		{332C8ADE-8DDE-42B3-90A6-18D6966D05CA}.Release|Any CPU.ActiveCfg = Release|Any CPU
		{332C8ADE-8DDE-42B3-90A6-18D6966D05CA}.Release|Any CPU.Build.0 = Release|Any CPU
	EndGlobalSection
	GlobalSection(SolutionProperties) = preSolution
		HideSolutionNode = FALSE
	EndGlobalSection
	GlobalSection(NestedProjects) = preSolution
		{39945E8F-641D-4B6F-924A-AAFE6FB084C0} = {1E65E54F-3E94-492F-8AC7-1A16783ACFC1}
		{7071A9B1-B2B2-3198-1391-9001ED0A5F19} = {378CEB33-BDE8-425F-9A3F-BD90D1EB6C11}
		{8A999756-FA96-F41A-F2F6-C235ED262CE3} = {378CEB33-BDE8-425F-9A3F-BD90D1EB6C11}
		{D9DD8C70-FEAF-9E61-2FC5-DBCB70DE0F63} = {378CEB33-BDE8-425F-9A3F-BD90D1EB6C11}
		{378CEB33-BDE8-425F-9A3F-BD90D1EB6C11} = {02EA681E-C7D8-13C7-8484-4AC65E1B71E8}
		{BFA7C5BD-32A8-5FC7-2581-C652C7A9DBED} = {CC21EB58-AB0F-48E4-AC9F-DB65D50EF2C7}
		{4FBE8D36-09C4-8FB6-27F1-B2C2A0BF70EC} = {CC21EB58-AB0F-48E4-AC9F-DB65D50EF2C7}
		{CC21EB58-AB0F-48E4-AC9F-DB65D50EF2C7} = {02EA681E-C7D8-13C7-8484-4AC65E1B71E8}
		{98706DF7-AA78-0A54-DB0B-D18D0FCF5666} = {02EA681E-C7D8-13C7-8484-4AC65E1B71E8}
		{83F8CE58-F6E3-2A22-BA09-A6B44BCFBD5F} = {DE3F0343-EBB0-4620-B052-5F0C37BAD7ED}
		{DE3F0343-EBB0-4620-B052-5F0C37BAD7ED} = {02EA681E-C7D8-13C7-8484-4AC65E1B71E8}
		{330C76D8-5AC2-441B-57A2-4F0CDEF01437} = {02EA681E-C7D8-13C7-8484-4AC65E1B71E8}
		{90F662D6-99BB-12A6-C2E3-77A81316205F} = {1F33E5A5-B8B3-47B6-8877-E87E5C00275A}
		{EE193C9E-6F91-02F5-91BC-BF874779FCC4} = {1F33E5A5-B8B3-47B6-8877-E87E5C00275A}
		{1F33E5A5-B8B3-47B6-8877-E87E5C00275A} = {02EA681E-C7D8-13C7-8484-4AC65E1B71E8}
		{10FF5647-D0F8-AA46-51BF-5A2BF7BED604} = {39945E8F-641D-4B6F-924A-AAFE6FB084C0}
		{0DCF2C7F-FC29-3813-4CC9-9DE4806A47A1} = {39945E8F-641D-4B6F-924A-AAFE6FB084C0}
		{D6EF893F-1A48-FDB2-716B-A495B6C02FCE} = {39945E8F-641D-4B6F-924A-AAFE6FB084C0}
		{EDCFF5B3-46DF-D3B9-EA85-11180E85799A} = {39945E8F-641D-4B6F-924A-AAFE6FB084C0}
		{F906F816-F450-48BF-B0AB-C4E5AF1EC43D} = {39945E8F-641D-4B6F-924A-AAFE6FB084C0}
		{0604B8D0-57F3-4A24-84A7-AD63189C2D2E} = {F906F816-F450-48BF-B0AB-C4E5AF1EC43D}
		{35CDFE7A-F74E-4B0B-B3AB-E9E5BCDDE0E6} = {1E65E54F-3E94-492F-8AC7-1A16783ACFC1}
		{50F93E19-C40F-4AED-8572-A07C82CEC09F} = {1E65E54F-3E94-492F-8AC7-1A16783ACFC1}
		{9A5F74D2-5BB0-443D-8B61-B0CAB4216B71} = {1E65E54F-3E94-492F-8AC7-1A16783ACFC1}
		{4BAED0FC-EE90-4423-9D6A-E89D2A2DB029} = {1E65E54F-3E94-492F-8AC7-1A16783ACFC1}
		{A892510C-370F-484E-8DCA-1A3C1BBB2035} = {1E65E54F-3E94-492F-8AC7-1A16783ACFC1}
		{A01A13FC-752C-423B-AC2D-0E4D74A1CE57} = {1E65E54F-3E94-492F-8AC7-1A16783ACFC1}
		{CB5235F2-28A3-408A-BE44-6E728B90E10E} = {1E65E54F-3E94-492F-8AC7-1A16783ACFC1}
		{BF413092-951B-4E91-8552-37BC0DADCA01} = {1E65E54F-3E94-492F-8AC7-1A16783ACFC1}
		{5D73EE78-BE5E-401E-B7D6-D02047CC7C5A} = {50F93E19-C40F-4AED-8572-A07C82CEC09F}
		{B5071C04-5A9E-478E-81D3-7AFDEC3E3AAF} = {9A5F74D2-5BB0-443D-8B61-B0CAB4216B71}
		{616B16D9-6847-405C-BF98-D8C1CCC40126} = {4BAED0FC-EE90-4423-9D6A-E89D2A2DB029}
		{AD987A37-DF07-4C2D-9D2C-A5688F37DC4B} = {CB5235F2-28A3-408A-BE44-6E728B90E10E}
		{FF94FCF3-190C-4A26-A029-4B76A4072B21} = {A892510C-370F-484E-8DCA-1A3C1BBB2035}
		{807E83F0-A96D-44AA-A11D-95607CC8B6D8} = {A01A13FC-752C-423B-AC2D-0E4D74A1CE57}
		{BB6683AF-08C7-4251-855F-AA0397759441} = {BF413092-951B-4E91-8552-37BC0DADCA01}
		{2344A02D-B730-49CC-AD46-617B4C340336} = {35CDFE7A-F74E-4B0B-B3AB-E9E5BCDDE0E6}
		{12147727-6EB4-4915-A570-669A3171F343} = {BF413092-951B-4E91-8552-37BC0DADCA01}
		{E6DB4412-F6BA-463C-8933-E71730B04253} = {BF413092-951B-4E91-8552-37BC0DADCA01}
		{B9A2FADA-E2D9-4E9D-B57C-17FD6BD9A57C} = {BF413092-951B-4E91-8552-37BC0DADCA01}
		{858D1C6A-685C-4C01-9E63-B9EA6DA399AC} = {BF413092-951B-4E91-8552-37BC0DADCA01}
		{672C3ADD-9D1D-4177-8104-90D74F32CCDA} = {B9A2FADA-E2D9-4E9D-B57C-17FD6BD9A57C}
		{7423063C-8BEC-4C7B-A6F6-8515D59CC188} = {35CDFE7A-F74E-4B0B-B3AB-E9E5BCDDE0E6}
		{125AC3D9-96F4-4073-85A4-36D78DBFB9AB} = {35CDFE7A-F74E-4B0B-B3AB-E9E5BCDDE0E6}
		{75BFE2C2-E577-46F4-916B-3C8ACB377C7B} = {35CDFE7A-F74E-4B0B-B3AB-E9E5BCDDE0E6}
		{665BE1A7-8930-4B97-91A6-1F670B1AB427} = {35CDFE7A-F74E-4B0B-B3AB-E9E5BCDDE0E6}
		{9B8B72F4-2E0D-497E-A53F-1E9A13D7B20B} = {4BAED0FC-EE90-4423-9D6A-E89D2A2DB029}
		{0160FB05-E3AF-43FF-B4FF-637AC22725AD} = {4BAED0FC-EE90-4423-9D6A-E89D2A2DB029}
		{C3CF74E1-481A-488D-A814-3B3EB5654996} = {4BAED0FC-EE90-4423-9D6A-E89D2A2DB029}
		{7E7FE64B-6FED-43F6-8F07-B879937C1A2B} = {4BAED0FC-EE90-4423-9D6A-E89D2A2DB029}
		{902DBA3D-0DF8-4B9A-B096-59566299ADCE} = {7E7FE64B-6FED-43F6-8F07-B879937C1A2B}
		{517ECAFD-6CA7-4F9C-9461-CF0D8E8249FC} = {9A5F74D2-5BB0-443D-8B61-B0CAB4216B71}
		{3BEEA16A-51F2-4184-91A2-952809C8E7A8} = {9A5F74D2-5BB0-443D-8B61-B0CAB4216B71}
		{DC0D315D-56AA-4A05-B21A-59B3CAAEE70A} = {9A5F74D2-5BB0-443D-8B61-B0CAB4216B71}
		{EDF351AF-FC70-4BAF-B59E-331744E71DCC} = {DC0D315D-56AA-4A05-B21A-59B3CAAEE70A}
		{A4182BDD-9CF3-4959-81E5-8DB8F1035CB7} = {9A5F74D2-5BB0-443D-8B61-B0CAB4216B71}
		{FCC88728-3955-4EE2-94E4-CA6ACC9C0F24} = {A01A13FC-752C-423B-AC2D-0E4D74A1CE57}
		{FF3AD067-C983-4766-8FDF-0E457663A357} = {A01A13FC-752C-423B-AC2D-0E4D74A1CE57}
		{36CA18DB-58E9-40D5-9371-66892ECA1F89} = {A01A13FC-752C-423B-AC2D-0E4D74A1CE57}
		{C9256F08-C288-46F4-9317-377D3940D416} = {36CA18DB-58E9-40D5-9371-66892ECA1F89}
		{EABC9F9C-AA14-41BE-9E38-2625480661F1} = {A01A13FC-752C-423B-AC2D-0E4D74A1CE57}
		{3FAE7C47-A3E3-42A9-AA09-65C6DD0C772E} = {A892510C-370F-484E-8DCA-1A3C1BBB2035}
		{86AB74F7-1EC7-4721-A323-55BF0DB5628D} = {A892510C-370F-484E-8DCA-1A3C1BBB2035}
		{35EAAF1E-10D1-4873-83C7-D97B7E4A5EDF} = {A892510C-370F-484E-8DCA-1A3C1BBB2035}
		{67668A98-89CA-485E-AA99-386B1A0401C1} = {A892510C-370F-484E-8DCA-1A3C1BBB2035}
		{94F091BC-4AF1-45C3-8AD3-5B05D1972302} = {67668A98-89CA-485E-AA99-386B1A0401C1}
		{65487243-9662-4C01-A98F-B20C4D1336C2} = {CB5235F2-28A3-408A-BE44-6E728B90E10E}
		{67ACFBC5-73E0-497D-8180-DB4A45FA9AB2} = {CB5235F2-28A3-408A-BE44-6E728B90E10E}
		{5687F344-139E-482E-AEA0-096311E56CDC} = {CB5235F2-28A3-408A-BE44-6E728B90E10E}
		{6D41CED3-1043-4F9A-AEA6-EFA08632969E} = {CB5235F2-28A3-408A-BE44-6E728B90E10E}
		{3D495981-835F-41D0-A772-E8E492B18954} = {50F93E19-C40F-4AED-8572-A07C82CEC09F}
		{DCC517A9-A241-49A2-8E90-9535C9BE6D9A} = {50F93E19-C40F-4AED-8572-A07C82CEC09F}
		{D6258E22-0DBF-413A-AF2A-D6471C0CAD19} = {50F93E19-C40F-4AED-8572-A07C82CEC09F}
		{1E0E8ACA-0C2E-403D-B84F-47D34BE8221B} = {50F93E19-C40F-4AED-8572-A07C82CEC09F}
		{43D3B2C9-E3E2-4E2E-A4B9-FD7BC4C28C36} = {F906F816-F450-48BF-B0AB-C4E5AF1EC43D}
		{9E6046F3-4745-4BEC-88E9-A7191C71C2C1} = {1F33E5A5-B8B3-47B6-8877-E87E5C00275A}
		{A845B412-A32D-47EC-9321-7642B7E96C46} = {1F33E5A5-B8B3-47B6-8877-E87E5C00275A}
		{4B4478A5-77E2-4A29-BD3A-607AD8921A94} = {F906F816-F450-48BF-B0AB-C4E5AF1EC43D}
		{B511A5A7-3E31-4757-AFC6-311C97076377} = {665BE1A7-8930-4B97-91A6-1F670B1AB427}
		{012D1DD6-829E-93E2-E60B-1C24DB431235} = {F906F816-F450-48BF-B0AB-C4E5AF1EC43D}
		{59AFB092-D745-30BC-4AA3-A78551716D05} = {665BE1A7-8930-4B97-91A6-1F670B1AB427}
		{0EF08183-00DD-48E3-BB58-304AC85175F9} = {F906F816-F450-48BF-B0AB-C4E5AF1EC43D}
		{41953138-CC40-4D81-81FE-94F5972531CC} = {F906F816-F450-48BF-B0AB-C4E5AF1EC43D}
		{8D9879F6-782F-48EB-AD2C-C185048E7BF9} = {1E0E8ACA-0C2E-403D-B84F-47D34BE8221B}
		{C6B09366-8373-40B3-B7A2-BB01174480C1} = {1E0E8ACA-0C2E-403D-B84F-47D34BE8221B}
		{9A8251BC-A852-4AA4-A569-DE5AEAC085EA} = {1E0E8ACA-0C2E-403D-B84F-47D34BE8221B}
		{D0BEB134-6D5C-4604-B576-88549096759C} = {1E0E8ACA-0C2E-403D-B84F-47D34BE8221B}
		{DB7954E0-8C12-4EDC-9F72-577C6B41A5EF} = {1E0E8ACA-0C2E-403D-B84F-47D34BE8221B}
		{828A8606-277C-44E1-B225-D29331369A50} = {1E0E8ACA-0C2E-403D-B84F-47D34BE8221B}
		{2C898F70-3824-4876-9298-814561FCF6F4} = {5687F344-139E-482E-AEA0-096311E56CDC}
		{527CDD32-B4D5-446D-8783-AB9C6F33A0C2} = {5687F344-139E-482E-AEA0-096311E56CDC}
		{80C8299A-7D9C-4D6B-A38E-3EA42C90405E} = {665BE1A7-8930-4B97-91A6-1F670B1AB427}
		{ED430A70-6A84-44CB-A2AA-38ACA7CB8934} = {5687F344-139E-482E-AEA0-096311E56CDC}
		{8986A61F-7AA5-4BED-A559-5C8947F0C64E} = {1F33E5A5-B8B3-47B6-8877-E87E5C00275A}
		{A7F604EE-E2A3-8F8C-321C-1799EE2334D5} = {378CEB33-BDE8-425F-9A3F-BD90D1EB6C11}
		{81BDC80A-0483-46E1-AEE6-415CD7CBBA3F} = {1E65E54F-3E94-492F-8AC7-1A16783ACFC1}
		{7BA4F7DC-85ED-4672-A2EF-6426BB5BD586} = {81BDC80A-0483-46E1-AEE6-415CD7CBBA3F}
		{332C8ADE-8DDE-42B3-90A6-18D6966D05CA} = {81BDC80A-0483-46E1-AEE6-415CD7CBBA3F}
	EndGlobalSection
	GlobalSection(ExtensibilityGlobals) = postSolution
		SolutionGuid = {8A56A4DE-080B-4E9D-A668-970CCD19E514}
	EndGlobalSection
EndGlobal
