
Microsoft Visual Studio Solution File, Format Version 12.00
# Visual Studio Version 17
VisualStudioVersion = 17.14.36408.4
MinimumVisualStudioVersion = 10.0.40219.1
Project("{2150E333-8FDC-42A3-9474-1A3956D46DE8}") = "Tests", "Tests", "{BA8DA647-2BC7-4D44-A381-0270B1A16A66}"
EndProject
Project("{2150E333-8FDC-42A3-9474-1A3956D46DE8}") = "Common", "Common", "{E599DAA8-2554-41C6-BDD0-0CC6FE79EDA0}"
EndProject
Project("{2150E333-8FDC-42A3-9474-1A3956D46DE8}") = "Impecable", "Impecable", "{5AE54317-B663-490A-A420-DA715B931A98}"
EndProject
Project("{FAE04EC0-301F-11D3-BF4B-00C04F79EFBC}") = "Impecable.WebApi", "Impecable\Impecable.WebApi\Impecable.WebApi.csproj", "{27FB31A5-2EBB-2896-788A-6DA344A156AD}"
EndProject
Project("{FAE04EC0-301F-11D3-BF4B-00C04F79EFBC}") = "Impecable.Infrastructure", "Impecable\Impecable.Infrastructure\Impecable.Infrastructure.csproj", "{82AB20DB-EE38-3741-900F-26D7796AB35C}"
EndProject
Project("{FAE04EC0-301F-11D3-BF4B-00C04F79EFBC}") = "Impecable.Domain", "Impecable\Impecable.Domain\Impecable.Domain.csproj", "{FEE9A5F4-CA74-F02C-9938-4EA2C288D2D6}"
EndProject
Project("{FAE04EC0-301F-11D3-BF4B-00C04F79EFBC}") = "Impecable.Application", "Impecable\Impecable.Application\Impecable.Application.csproj", "{7F3CCA46-04A1-6F5C-B1AD-E4D333B54FD4}"
EndProject
Project("{2150E333-8FDC-42A3-9474-1A3956D46DE8}") = "Api", "Api", "{02EA681E-C7D8-13C7-8484-4AC65E1B71E8}"
EndProject
Project("{FAE04EC0-301F-11D3-BF4B-00C04F79EFBC}") = "Common.Api.Controllers", "Common\Api\Common.Api.Controllers\Common.Api.Controllers.csproj", "{EE86560E-AF5B-4484-A38B-60D7938FA1A4}"
EndProject
Project("{2150E333-8FDC-42A3-9474-1A3956D46DE8}") = "Domain", "Domain", "{D67BDF0B-DC20-49A9-AF46-E978A5100F92}"
EndProject
Project("{FAE04EC0-301F-11D3-BF4B-00C04F79EFBC}") = "Common.Api", "Common\Api\Common.Api\Common.Api.csproj", "{7071A9B1-B2B2-3198-1391-9001ED0A5F19}"
EndProject
Project("{FAE04EC0-301F-11D3-BF4B-00C04F79EFBC}") = "Common.Api.CustomAttributes", "Common\Api\Common.Api.CustomAttributes\Common.Api.CustomAttributes.csproj", "{D9DD8C70-FEAF-9E61-2FC5-DBCB70DE0F63}"
EndProject
Project("{FAE04EC0-301F-11D3-BF4B-00C04F79EFBC}") = "Common.Domain", "Common\Domain\Common.Domain\Common.Domain.csproj", "{83F8CE58-F6E3-2A22-BA09-A6B44BCFBD5F}"
EndProject
Project("{2150E333-8FDC-42A3-9474-1A3956D46DE8}") = "Infrastructure", "Infrastructure", "{756C1C37-9F42-4AE8-8982-5F711ED7258B}"
EndProject
Project("{FAE04EC0-301F-11D3-BF4B-00C04F79EFBC}") = "Common.Infrastructure", "Common\Infrstructure\Common.Infrastructure\Common.Infrastructure.csproj", "{90F662D6-99BB-12A6-C2E3-77A81316205F}"
EndProject
Project("{2150E333-8FDC-42A3-9474-1A3956D46DE8}") = "Contracts", "Contracts", "{BA22E86C-3CC2-43CD-A762-3C08415F1BFA}"
EndProject
Project("{FAE04EC0-301F-11D3-BF4B-00C04F79EFBC}") = "Common.Contracts", "Common\Contracts\Common.Contracts\Common.Contracts.csproj", "{98706DF7-AA78-0A54-DB0B-D18D0FCF5666}"
EndProject
Project("{2150E333-8FDC-42A3-9474-1A3956D46DE8}") = "Extensions", "Extensions", "{B2B81611-C9DE-4BFC-84B8-39C6015168A1}"
EndProject
Project("{FAE04EC0-301F-11D3-BF4B-00C04F79EFBC}") = "Common.Extensions", "Common\Extensions\Common.Extensions\Common.Extensions.csproj", "{330C76D8-5AC2-441B-57A2-4F0CDEF01437}"
EndProject
Project("{2150E333-8FDC-42A3-9474-1A3956D46DE8}") = "Application", "Application", "{96117DF6-BA47-490D-A44D-AA14EF91EFBA}"
EndProject
Project("{FAE04EC0-301F-11D3-BF4B-00C04F79EFBC}") = "Common.Application", "Common\Application\Common.Application\Common.Application.csproj", "{BFA7C5BD-32A8-5FC7-2581-C652C7A9DBED}"
EndProject
Project("{FAE04EC0-301F-11D3-BF4B-00C04F79EFBC}") = "Impecable.Controllers", "Impecable\Impecable.Controllers\Impecable.Controllers.csproj", "{28FB8BFA-F5BE-48EF-9546-6AC8EBBB0833}"
EndProject
Project("{FAE04EC0-301F-11D3-BF4B-00C04F79EFBC}") = "Common.Application.DTO", "Common\Application\Common.Application.DTO\Common.Application.DTO.csproj", "{770A34BB-DDAF-45EB-A45D-D6AFDFC5CBCB}"
EndProject
Project("{FAE04EC0-301F-11D3-BF4B-00C04F79EFBC}") = "Common.Infrastructure.Entities", "Common.Infrastructure.Entities\Common.Infrastructure.Entities.csproj", "{91994B85-8844-4724-91DC-D766F6F49CEB}"
EndProject
Global
	GlobalSection(SolutionConfigurationPlatforms) = preSolution
		Debug|Any CPU = Debug|Any CPU
		Release|Any CPU = Release|Any CPU
	EndGlobalSection
	GlobalSection(ProjectConfigurationPlatforms) = postSolution
		{27FB31A5-2EBB-2896-788A-6DA344A156AD}.Debug|Any CPU.ActiveCfg = Debug|Any CPU
		{27FB31A5-2EBB-2896-788A-6DA344A156AD}.Debug|Any CPU.Build.0 = Debug|Any CPU
		{27FB31A5-2EBB-2896-788A-6DA344A156AD}.Release|Any CPU.ActiveCfg = Release|Any CPU
		{27FB31A5-2EBB-2896-788A-6DA344A156AD}.Release|Any CPU.Build.0 = Release|Any CPU
		{82AB20DB-EE38-3741-900F-26D7796AB35C}.Debug|Any CPU.ActiveCfg = Debug|Any CPU
		{82AB20DB-EE38-3741-900F-26D7796AB35C}.Debug|Any CPU.Build.0 = Debug|Any CPU
		{82AB20DB-EE38-3741-900F-26D7796AB35C}.Release|Any CPU.ActiveCfg = Release|Any CPU
		{82AB20DB-EE38-3741-900F-26D7796AB35C}.Release|Any CPU.Build.0 = Release|Any CPU
		{FEE9A5F4-CA74-F02C-9938-4EA2C288D2D6}.Debug|Any CPU.ActiveCfg = Debug|Any CPU
		{FEE9A5F4-CA74-F02C-9938-4EA2C288D2D6}.Debug|Any CPU.Build.0 = Debug|Any CPU
		{FEE9A5F4-CA74-F02C-9938-4EA2C288D2D6}.Release|Any CPU.ActiveCfg = Release|Any CPU
		{FEE9A5F4-CA74-F02C-9938-4EA2C288D2D6}.Release|Any CPU.Build.0 = Release|Any CPU
		{7F3CCA46-04A1-6F5C-B1AD-E4D333B54FD4}.Debug|Any CPU.ActiveCfg = Debug|Any CPU
		{7F3CCA46-04A1-6F5C-B1AD-E4D333B54FD4}.Debug|Any CPU.Build.0 = Debug|Any CPU
		{7F3CCA46-04A1-6F5C-B1AD-E4D333B54FD4}.Release|Any CPU.ActiveCfg = Release|Any CPU
		{7F3CCA46-04A1-6F5C-B1AD-E4D333B54FD4}.Release|Any CPU.Build.0 = Release|Any CPU
		{EE86560E-AF5B-4484-A38B-60D7938FA1A4}.Debug|Any CPU.ActiveCfg = Debug|Any CPU
		{EE86560E-AF5B-4484-A38B-60D7938FA1A4}.Debug|Any CPU.Build.0 = Debug|Any CPU
		{EE86560E-AF5B-4484-A38B-60D7938FA1A4}.Release|Any CPU.ActiveCfg = Release|Any CPU
		{EE86560E-AF5B-4484-A38B-60D7938FA1A4}.Release|Any CPU.Build.0 = Release|Any CPU
		{7071A9B1-B2B2-3198-1391-9001ED0A5F19}.Debug|Any CPU.ActiveCfg = Debug|Any CPU
		{7071A9B1-B2B2-3198-1391-9001ED0A5F19}.Debug|Any CPU.Build.0 = Debug|Any CPU
		{7071A9B1-B2B2-3198-1391-9001ED0A5F19}.Release|Any CPU.ActiveCfg = Release|Any CPU
		{7071A9B1-B2B2-3198-1391-9001ED0A5F19}.Release|Any CPU.Build.0 = Release|Any CPU
		{D9DD8C70-FEAF-9E61-2FC5-DBCB70DE0F63}.Debug|Any CPU.ActiveCfg = Debug|Any CPU
		{D9DD8C70-FEAF-9E61-2FC5-DBCB70DE0F63}.Debug|Any CPU.Build.0 = Debug|Any CPU
		{D9DD8C70-FEAF-9E61-2FC5-DBCB70DE0F63}.Release|Any CPU.ActiveCfg = Release|Any CPU
		{D9DD8C70-FEAF-9E61-2FC5-DBCB70DE0F63}.Release|Any CPU.Build.0 = Release|Any CPU
		{83F8CE58-F6E3-2A22-BA09-A6B44BCFBD5F}.Debug|Any CPU.ActiveCfg = Debug|Any CPU
		{83F8CE58-F6E3-2A22-BA09-A6B44BCFBD5F}.Debug|Any CPU.Build.0 = Debug|Any CPU
		{83F8CE58-F6E3-2A22-BA09-A6B44BCFBD5F}.Release|Any CPU.ActiveCfg = Release|Any CPU
		{83F8CE58-F6E3-2A22-BA09-A6B44BCFBD5F}.Release|Any CPU.Build.0 = Release|Any CPU
		{90F662D6-99BB-12A6-C2E3-77A81316205F}.Debug|Any CPU.ActiveCfg = Debug|Any CPU
		{90F662D6-99BB-12A6-C2E3-77A81316205F}.Debug|Any CPU.Build.0 = Debug|Any CPU
		{90F662D6-99BB-12A6-C2E3-77A81316205F}.Release|Any CPU.ActiveCfg = Release|Any CPU
		{90F662D6-99BB-12A6-C2E3-77A81316205F}.Release|Any CPU.Build.0 = Release|Any CPU
		{98706DF7-AA78-0A54-DB0B-D18D0FCF5666}.Debug|Any CPU.ActiveCfg = Debug|Any CPU
		{98706DF7-AA78-0A54-DB0B-D18D0FCF5666}.Debug|Any CPU.Build.0 = Debug|Any CPU
		{98706DF7-AA78-0A54-DB0B-D18D0FCF5666}.Release|Any CPU.ActiveCfg = Release|Any CPU
		{98706DF7-AA78-0A54-DB0B-D18D0FCF5666}.Release|Any CPU.Build.0 = Release|Any CPU
		{330C76D8-5AC2-441B-57A2-4F0CDEF01437}.Debug|Any CPU.ActiveCfg = Debug|Any CPU
		{330C76D8-5AC2-441B-57A2-4F0CDEF01437}.Debug|Any CPU.Build.0 = Debug|Any CPU
		{330C76D8-5AC2-441B-57A2-4F0CDEF01437}.Release|Any CPU.ActiveCfg = Release|Any CPU
		{330C76D8-5AC2-441B-57A2-4F0CDEF01437}.Release|Any CPU.Build.0 = Release|Any CPU
		{BFA7C5BD-32A8-5FC7-2581-C652C7A9DBED}.Debug|Any CPU.ActiveCfg = Debug|Any CPU
		{BFA7C5BD-32A8-5FC7-2581-C652C7A9DBED}.Debug|Any CPU.Build.0 = Debug|Any CPU
		{BFA7C5BD-32A8-5FC7-2581-C652C7A9DBED}.Release|Any CPU.ActiveCfg = Release|Any CPU
		{BFA7C5BD-32A8-5FC7-2581-C652C7A9DBED}.Release|Any CPU.Build.0 = Release|Any CPU
		{28FB8BFA-F5BE-48EF-9546-6AC8EBBB0833}.Debug|Any CPU.ActiveCfg = Debug|Any CPU
		{28FB8BFA-F5BE-48EF-9546-6AC8EBBB0833}.Debug|Any CPU.Build.0 = Debug|Any CPU
		{28FB8BFA-F5BE-48EF-9546-6AC8EBBB0833}.Release|Any CPU.ActiveCfg = Release|Any CPU
		{28FB8BFA-F5BE-48EF-9546-6AC8EBBB0833}.Release|Any CPU.Build.0 = Release|Any CPU
		{770A34BB-DDAF-45EB-A45D-D6AFDFC5CBCB}.Debug|Any CPU.ActiveCfg = Debug|Any CPU
		{770A34BB-DDAF-45EB-A45D-D6AFDFC5CBCB}.Debug|Any CPU.Build.0 = Debug|Any CPU
		{770A34BB-DDAF-45EB-A45D-D6AFDFC5CBCB}.Release|Any CPU.ActiveCfg = Release|Any CPU
		{770A34BB-DDAF-45EB-A45D-D6AFDFC5CBCB}.Release|Any CPU.Build.0 = Release|Any CPU
		{91994B85-8844-4724-91DC-D766F6F49CEB}.Debug|Any CPU.ActiveCfg = Debug|Any CPU
		{91994B85-8844-4724-91DC-D766F6F49CEB}.Debug|Any CPU.Build.0 = Debug|Any CPU
		{91994B85-8844-4724-91DC-D766F6F49CEB}.Release|Any CPU.ActiveCfg = Release|Any CPU
		{91994B85-8844-4724-91DC-D766F6F49CEB}.Release|Any CPU.Build.0 = Release|Any CPU
	EndGlobalSection
	GlobalSection(SolutionProperties) = preSolution
		HideSolutionNode = FALSE
	EndGlobalSection
	GlobalSection(NestedProjects) = preSolution
		{27FB31A5-2EBB-2896-788A-6DA344A156AD} = {5AE54317-B663-490A-A420-DA715B931A98}
		{82AB20DB-EE38-3741-900F-26D7796AB35C} = {5AE54317-B663-490A-A420-DA715B931A98}
		{FEE9A5F4-CA74-F02C-9938-4EA2C288D2D6} = {5AE54317-B663-490A-A420-DA715B931A98}
		{7F3CCA46-04A1-6F5C-B1AD-E4D333B54FD4} = {5AE54317-B663-490A-A420-DA715B931A98}
		{02EA681E-C7D8-13C7-8484-4AC65E1B71E8} = {E599DAA8-2554-41C6-BDD0-0CC6FE79EDA0}
		{EE86560E-AF5B-4484-A38B-60D7938FA1A4} = {02EA681E-C7D8-13C7-8484-4AC65E1B71E8}
		{D67BDF0B-DC20-49A9-AF46-E978A5100F92} = {E599DAA8-2554-41C6-BDD0-0CC6FE79EDA0}
		{7071A9B1-B2B2-3198-1391-9001ED0A5F19} = {02EA681E-C7D8-13C7-8484-4AC65E1B71E8}
		{D9DD8C70-FEAF-9E61-2FC5-DBCB70DE0F63} = {02EA681E-C7D8-13C7-8484-4AC65E1B71E8}
		{83F8CE58-F6E3-2A22-BA09-A6B44BCFBD5F} = {D67BDF0B-DC20-49A9-AF46-E978A5100F92}
		{756C1C37-9F42-4AE8-8982-5F711ED7258B} = {E599DAA8-2554-41C6-BDD0-0CC6FE79EDA0}
		{90F662D6-99BB-12A6-C2E3-77A81316205F} = {756C1C37-9F42-4AE8-8982-5F711ED7258B}
		{BA22E86C-3CC2-43CD-A762-3C08415F1BFA} = {E599DAA8-2554-41C6-BDD0-0CC6FE79EDA0}
		{98706DF7-AA78-0A54-DB0B-D18D0FCF5666} = {BA22E86C-3CC2-43CD-A762-3C08415F1BFA}
		{B2B81611-C9DE-4BFC-84B8-39C6015168A1} = {E599DAA8-2554-41C6-BDD0-0CC6FE79EDA0}
		{330C76D8-5AC2-441B-57A2-4F0CDEF01437} = {B2B81611-C9DE-4BFC-84B8-39C6015168A1}
		{96117DF6-BA47-490D-A44D-AA14EF91EFBA} = {E599DAA8-2554-41C6-BDD0-0CC6FE79EDA0}
		{BFA7C5BD-32A8-5FC7-2581-C652C7A9DBED} = {96117DF6-BA47-490D-A44D-AA14EF91EFBA}
		{28FB8BFA-F5BE-48EF-9546-6AC8EBBB0833} = {5AE54317-B663-490A-A420-DA715B931A98}
		{770A34BB-DDAF-45EB-A45D-D6AFDFC5CBCB} = {96117DF6-BA47-490D-A44D-AA14EF91EFBA}
		{91994B85-8844-4724-91DC-D766F6F49CEB} = {756C1C37-9F42-4AE8-8982-5F711ED7258B}
	EndGlobalSection
	GlobalSection(ExtensibilityGlobals) = postSolution
		SolutionGuid = {B275C2D1-0705-4456-B986-0E5125A4C548}
	EndGlobalSection
EndGlobal
