
Microsoft Visual Studio Solution File, Format Version 12.00
# Visual Studio Version 17
VisualStudioVersion = 17.14.36603.0
MinimumVisualStudioVersion = 10.0.40219.1
Project("{2150E333-8FDC-42A3-9474-1A3956D46DE8}") = "Common", "Common", "{02EA681E-C7D8-13C7-8484-4AC65E1B71E8}"
EndProject
Project("{2150E333-8FDC-42A3-9474-1A3956D46DE8}") = "Security", "Security", "{39945E8F-641D-4B6F-924A-AAFE6FB084C0}"
EndProject
Project("{FAE04EC0-301F-11D3-BF4B-00C04F79EFBC}") = "Common.Api", "Common\Api\Common.Api\Common.Api.csproj", "{7071A9B1-B2B2-3198-1391-9001ED0A5F19}"
EndProject
Project("{FAE04EC0-301F-11D3-BF4B-00C04F79EFBC}") = "Common.Api.Controllers", "Common\Api\Common.Api.Controllers\Common.Api.Controllers.csproj", "{8A999756-FA96-F41A-F2F6-C235ED262CE3}"
EndProject
Project("{FAE04EC0-301F-11D3-BF4B-00C04F79EFBC}") = "Common.Api.CustomAttributes", "Common\Api\Common.Api.CustomAttributes\Common.Api.CustomAttributes.csproj", "{D9DD8C70-FEAF-9E61-2FC5-DBCB70DE0F63}"
EndProject
Project("{2150E333-8FDC-42A3-9474-1A3956D46DE8}") = "API", "API", "{378CEB33-BDE8-425F-9A3F-BD90D1EB6C11}"
EndProject
Project("{FAE04EC0-301F-11D3-BF4B-00C04F79EFBC}") = "Common.Application", "Common\Application\Common.Application\Common.Application.csproj", "{BFA7C5BD-32A8-5FC7-2581-C652C7A9DBED}"
EndProject
Project("{FAE04EC0-301F-11D3-BF4B-00C04F79EFBC}") = "Common.Application.DTO", "Common\Application\Common.Application.DTO\Common.Application.DTO.csproj", "{4FBE8D36-09C4-8FB6-27F1-B2C2A0BF70EC}"
EndProject
Project("{2150E333-8FDC-42A3-9474-1A3956D46DE8}") = "Application", "Application", "{CC21EB58-AB0F-48E4-AC9F-DB65D50EF2C7}"
EndProject
Project("{FAE04EC0-301F-11D3-BF4B-00C04F79EFBC}") = "Common.Contracts", "Common\Contracts\Common.Contracts\Common.Contracts.csproj", "{98706DF7-AA78-0A54-DB0B-D18D0FCF5666}"
EndProject
Project("{FAE04EC0-301F-11D3-BF4B-00C04F79EFBC}") = "Common.Domain", "Common\Domain\Common.Domain\Common.Domain.csproj", "{83F8CE58-F6E3-2A22-BA09-A6B44BCFBD5F}"
EndProject
Project("{2150E333-8FDC-42A3-9474-1A3956D46DE8}") = "Domain", "Domain", "{DE3F0343-EBB0-4620-B052-5F0C37BAD7ED}"
EndProject
Project("{FAE04EC0-301F-11D3-BF4B-00C04F79EFBC}") = "Common.Extensions", "Common\Extensions\Common.Extensions\Common.Extensions.csproj", "{330C76D8-5AC2-441B-57A2-4F0CDEF01437}"
EndProject
Project("{FAE04EC0-301F-11D3-BF4B-00C04F79EFBC}") = "Common.Infrastructure", "Common\Infrstructure\Common.Infrastructure\Common.Infrastructure.csproj", "{90F662D6-99BB-12A6-C2E3-77A81316205F}"
EndProject
Project("{FAE04EC0-301F-11D3-BF4B-00C04F79EFBC}") = "Common.Infrastructure.Entities", "Common\Infrstructure\Common.Infrastructure.Entities\Common.Infrastructure.Entities.csproj", "{EE193C9E-6F91-02F5-91BC-BF874779FCC4}"
EndProject
Project("{2150E333-8FDC-42A3-9474-1A3956D46DE8}") = "Infrastructure", "Infrastructure", "{1F33E5A5-B8B3-47B6-8877-E87E5C00275A}"
EndProject
Project("{FAE04EC0-301F-11D3-BF4B-00C04F79EFBC}") = "Security.API", "Security\Security.API\Security.API.csproj", "{10FF5647-D0F8-AA46-51BF-5A2BF7BED604}"
EndProject
Project("{FAE04EC0-301F-11D3-BF4B-00C04F79EFBC}") = "Security.Application", "Security\Security.Application\Security.Application.csproj", "{0DCF2C7F-FC29-3813-4CC9-9DE4806A47A1}"
EndProject
Project("{FAE04EC0-301F-11D3-BF4B-00C04F79EFBC}") = "Security.Controllers", "Security\Security.Controllers\Security.Controllers.csproj", "{D6EF893F-1A48-FDB2-716B-A495B6C02FCE}"
EndProject
Project("{FAE04EC0-301F-11D3-BF4B-00C04F79EFBC}") = "Security.Domain", "Security\Security.Domain\Security.Domain.csproj", "{EDCFF5B3-46DF-D3B9-EA85-11180E85799A}"
EndProject
Project("{2150E333-8FDC-42A3-9474-1A3956D46DE8}") = "Infrastructure", "Infrastructure", "{F906F816-F450-48BF-B0AB-C4E5AF1EC43D}"
EndProject
Project("{FAE04EC0-301F-11D3-BF4B-00C04F79EFBC}") = "Security.Infrastructure.Contracts", "Security\Infrastructure\Security.Infrastructure.Contracts\Security.Infrastructure.Contracts.csproj", "{0604B8D0-57F3-4A24-84A7-AD63189C2D2E}"
EndProject
Project("{2150E333-8FDC-42A3-9474-1A3956D46DE8}") = "Services", "Services", "{1E65E54F-3E94-492F-8AC7-1A16783ACFC1}"
EndProject
Project("{2150E333-8FDC-42A3-9474-1A3956D46DE8}") = "Elementos de la solución", "Elementos de la solución", "{D107F4C8-89CC-BEA8-D3D7-CA6B7733353D}"
	ProjectSection(SolutionItems) = preProject
		Migraciones.ps1 = Migraciones.ps1
		README.md = README.md
	EndProjectSection
EndProject
Project("{FAE04EC0-301F-11D3-BF4B-00C04F79EFBC}") = "Security.Infrastructure.Messaging", "Security\Infrastructure\Security.Infrastructure.Messaging\Security.Infrastructure.Messaging.csproj", "{43D3B2C9-E3E2-4E2E-A4B9-FD7BC4C28C36}"
EndProject
Project("{FAE04EC0-301F-11D3-BF4B-00C04F79EFBC}") = "Common.Infrastructure.Messages", "Common\Infrstructure\Common.Infrastructure.Messages\Common.Infrastructure.Messages.csproj", "{9E6046F3-4745-4BEC-88E9-A7191C71C2C1}"
EndProject
Project("{FAE04EC0-301F-11D3-BF4B-00C04F79EFBC}") = "Common.Infrastructure.Seeder", "Common\Infrstructure\Common.Infrastructure.Seeder\Common.Infrastructure.Seeder.csproj", "{A845B412-A32D-47EC-9321-7642B7E96C46}"
EndProject
Project("{FAE04EC0-301F-11D3-BF4B-00C04F79EFBC}") = "Security.Infrastructure.Seeders", "Security\Infrastructure\Security.Infrastructure.Seeders\Security.Infrastructure.Seeders.csproj", "{4B4478A5-77E2-4A29-BD3A-607AD8921A94}"
EndProject
Project("{FAE04EC0-301F-11D3-BF4B-00C04F79EFBC}") = "Security.Infrastructure.Cache.Key", "Security\Infrastructure\Security.Infrastructure.Cache.Key\Security.Infrastructure.Cache.Key.csproj", "{012D1DD6-829E-93E2-E60B-1C24DB431235}"
EndProject
Project("{FAE04EC0-301F-11D3-BF4B-00C04F79EFBC}") = "Security.Infrastructure.Persistence", "Security\Infrastructure\Security.Infrastructure.Persistence\Security.Infrastructure.Persistence.csproj", "{0EF08183-00DD-48E3-BB58-304AC85175F9}"
EndProject
Project("{FAE04EC0-301F-11D3-BF4B-00C04F79EFBC}") = "Security.Infrastructure.Services", "Security\Infrastructure\Security.Infrastructure.Services\Security.Infrastructure.Services.csproj", "{41953138-CC40-4D81-81FE-94F5972531CC}"
EndProject
Project("{FAE04EC0-301F-11D3-BF4B-00C04F79EFBC}") = "Common.Infrastructure.Cache", "Common\Infrstructure\Common.Infrastructure.Cache\Common.Infrastructure.Cache.csproj", "{8986A61F-7AA5-4BED-A559-5C8947F0C64E}"
EndProject
Project("{FAE04EC0-301F-11D3-BF4B-00C04F79EFBC}") = "Common.Api.ServiceDefaults", "Common\Api\Common.Api.ServiceDefaults\Common.Api.ServiceDefaults.csproj", "{A7F604EE-E2A3-8F8C-321C-1799EE2334D5}"
EndProject
Project("{FAE04EC0-301F-11D3-BF4B-00C04F79EFBC}") = "ApiGateway", "ApiGateway\ApiGateway.csproj", "{26A1DF33-DDCC-429D-949B-A4800FBD0529}"
EndProject
Project("{FAE04EC0-301F-11D3-BF4B-00C04F79EFBC}") = "Common.Infrastructure.Cache.Key", "Common\Infrstructure\Common.Infrastructure.Cache.Key\Common.Infrastructure.Cache.Key.csproj", "{9CFA53DD-208E-4339-A8DF-9F349733AF0E}"
EndProject
Project("{FAE04EC0-301F-11D3-BF4B-00C04F79EFBC}") = "Common.Infrastructure.Contracts", "Common\Infrstructure\Common.Infrastructure.Contracts\Common.Infrastructure.Contracts.csproj", "{B7617F60-9988-445C-AE25-0822109DB4CB}"
EndProject
Project("{FAE04EC0-301F-11D3-BF4B-00C04F79EFBC}") = "YappaChallenge.AppHost", "YappaChallenge.AppHost\YappaChallenge.AppHost.csproj", "{46FC1739-CAC0-47AF-36F2-D8BE58A62F2B}"
EndProject
Project("{2150E333-8FDC-42A3-9474-1A3956D46DE8}") = "Client", "Client", "{E4BBB782-D6BE-4447-9715-C3A0B410B90B}"
EndProject
Project("{FAE04EC0-301F-11D3-BF4B-00C04F79EFBC}") = "Client.API", "Client\Client.API\Client.API.csproj", "{CE80643C-800F-48CA-B76D-5582179F0AE1}"
EndProject
Project("{FAE04EC0-301F-11D3-BF4B-00C04F79EFBC}") = "Client.Domain", "Client\Client.Domain\Client.Domain.csproj", "{E73AFABD-E827-41AD-814F-28A226664BDA}"
EndProject
Project("{2150E333-8FDC-42A3-9474-1A3956D46DE8}") = "Infrastructure", "Infrastructure", "{4A301B29-C241-4F1A-84C7-A5790F5B266B}"
EndProject
Project("{FAE04EC0-301F-11D3-BF4B-00C04F79EFBC}") = "Client.Infrastructure.Persistence", "Client\Infrastructure\Client.Infrastructure.Persistence\Client.Infrastructure.Persistence.csproj", "{DC2A3ECE-C6CC-410B-AE2A-B3C0F91FE06D}"
EndProject
Project("{FAE04EC0-301F-11D3-BF4B-00C04F79EFBC}") = "Client.Application", "Client\Client.Application\Client.Application.csproj", "{3693B8A4-17D6-4426-AFFB-5311EC056B72}"
EndProject
Project("{FAE04EC0-301F-11D3-BF4B-00C04F79EFBC}") = "Client.Controllers", "Client\Client.Controllers\Client.Controllers.csproj", "{D6F0BF00-72B4-4833-9B21-0D76C5385AA0}"
EndProject
Project("{2150E333-8FDC-42A3-9474-1A3956D46DE8}") = "Tests", "Tests", "{C2ABC29B-8EF5-4ACD-9481-26592E460D4D}"
EndProject
Project("{FAE04EC0-301F-11D3-BF4B-00C04F79EFBC}") = "Common.UnitTest", "Tests\Common.UnitTest\Common.UnitTest.csproj", "{0F9DBF7D-AFF2-46E4-916F-3BCB613056CE}"
EndProject
Project("{FAE04EC0-301F-11D3-BF4B-00C04F79EFBC}") = "UnitTests.Client", "Tests\UnitTests.Client\UnitTests.Client.csproj", "{54A8EAD5-C540-4F2F-91B8-C67F97E0610B}"
EndProject
Project("{FAE04EC0-301F-11D3-BF4B-00C04F79EFBC}") = "Client.Infrastructure.Seeders", "Client\Infrastructure\Client.Infrastructure.Seeders\Client.Infrastructure.Seeders.csproj", "{D5F38C1E-AF0F-459F-B7CA-6821DECED0FD}"
EndProject
Global
	GlobalSection(SolutionConfigurationPlatforms) = preSolution
		Debug|Any CPU = Debug|Any CPU
		Release|Any CPU = Release|Any CPU
	EndGlobalSection
	GlobalSection(ProjectConfigurationPlatforms) = postSolution
		{7071A9B1-B2B2-3198-1391-9001ED0A5F19}.Debug|Any CPU.ActiveCfg = Debug|Any CPU
		{7071A9B1-B2B2-3198-1391-9001ED0A5F19}.Debug|Any CPU.Build.0 = Debug|Any CPU
		{7071A9B1-B2B2-3198-1391-9001ED0A5F19}.Release|Any CPU.ActiveCfg = Release|Any CPU
		{7071A9B1-B2B2-3198-1391-9001ED0A5F19}.Release|Any CPU.Build.0 = Release|Any CPU
		{8A999756-FA96-F41A-F2F6-C235ED262CE3}.Debug|Any CPU.ActiveCfg = Debug|Any CPU
		{8A999756-FA96-F41A-F2F6-C235ED262CE3}.Debug|Any CPU.Build.0 = Debug|Any CPU
		{8A999756-FA96-F41A-F2F6-C235ED262CE3}.Release|Any CPU.ActiveCfg = Release|Any CPU
		{8A999756-FA96-F41A-F2F6-C235ED262CE3}.Release|Any CPU.Build.0 = Release|Any CPU
		{D9DD8C70-FEAF-9E61-2FC5-DBCB70DE0F63}.Debug|Any CPU.ActiveCfg = Debug|Any CPU
		{D9DD8C70-FEAF-9E61-2FC5-DBCB70DE0F63}.Debug|Any CPU.Build.0 = Debug|Any CPU
		{D9DD8C70-FEAF-9E61-2FC5-DBCB70DE0F63}.Release|Any CPU.ActiveCfg = Release|Any CPU
		{D9DD8C70-FEAF-9E61-2FC5-DBCB70DE0F63}.Release|Any CPU.Build.0 = Release|Any CPU
		{BFA7C5BD-32A8-5FC7-2581-C652C7A9DBED}.Debug|Any CPU.ActiveCfg = Debug|Any CPU
		{BFA7C5BD-32A8-5FC7-2581-C652C7A9DBED}.Debug|Any CPU.Build.0 = Debug|Any CPU
		{BFA7C5BD-32A8-5FC7-2581-C652C7A9DBED}.Release|Any CPU.ActiveCfg = Release|Any CPU
		{BFA7C5BD-32A8-5FC7-2581-C652C7A9DBED}.Release|Any CPU.Build.0 = Release|Any CPU
		{4FBE8D36-09C4-8FB6-27F1-B2C2A0BF70EC}.Debug|Any CPU.ActiveCfg = Debug|Any CPU
		{4FBE8D36-09C4-8FB6-27F1-B2C2A0BF70EC}.Debug|Any CPU.Build.0 = Debug|Any CPU
		{4FBE8D36-09C4-8FB6-27F1-B2C2A0BF70EC}.Release|Any CPU.ActiveCfg = Release|Any CPU
		{4FBE8D36-09C4-8FB6-27F1-B2C2A0BF70EC}.Release|Any CPU.Build.0 = Release|Any CPU
		{98706DF7-AA78-0A54-DB0B-D18D0FCF5666}.Debug|Any CPU.ActiveCfg = Debug|Any CPU
		{98706DF7-AA78-0A54-DB0B-D18D0FCF5666}.Debug|Any CPU.Build.0 = Debug|Any CPU
		{98706DF7-AA78-0A54-DB0B-D18D0FCF5666}.Release|Any CPU.ActiveCfg = Release|Any CPU
		{98706DF7-AA78-0A54-DB0B-D18D0FCF5666}.Release|Any CPU.Build.0 = Release|Any CPU
		{83F8CE58-F6E3-2A22-BA09-A6B44BCFBD5F}.Debug|Any CPU.ActiveCfg = Debug|Any CPU
		{83F8CE58-F6E3-2A22-BA09-A6B44BCFBD5F}.Debug|Any CPU.Build.0 = Debug|Any CPU
		{83F8CE58-F6E3-2A22-BA09-A6B44BCFBD5F}.Release|Any CPU.ActiveCfg = Release|Any CPU
		{83F8CE58-F6E3-2A22-BA09-A6B44BCFBD5F}.Release|Any CPU.Build.0 = Release|Any CPU
		{330C76D8-5AC2-441B-57A2-4F0CDEF01437}.Debug|Any CPU.ActiveCfg = Debug|Any CPU
		{330C76D8-5AC2-441B-57A2-4F0CDEF01437}.Debug|Any CPU.Build.0 = Debug|Any CPU
		{330C76D8-5AC2-441B-57A2-4F0CDEF01437}.Release|Any CPU.ActiveCfg = Release|Any CPU
		{330C76D8-5AC2-441B-57A2-4F0CDEF01437}.Release|Any CPU.Build.0 = Release|Any CPU
		{90F662D6-99BB-12A6-C2E3-77A81316205F}.Debug|Any CPU.ActiveCfg = Debug|Any CPU
		{90F662D6-99BB-12A6-C2E3-77A81316205F}.Debug|Any CPU.Build.0 = Debug|Any CPU
		{90F662D6-99BB-12A6-C2E3-77A81316205F}.Release|Any CPU.ActiveCfg = Release|Any CPU
		{90F662D6-99BB-12A6-C2E3-77A81316205F}.Release|Any CPU.Build.0 = Release|Any CPU
		{EE193C9E-6F91-02F5-91BC-BF874779FCC4}.Debug|Any CPU.ActiveCfg = Debug|Any CPU
		{EE193C9E-6F91-02F5-91BC-BF874779FCC4}.Debug|Any CPU.Build.0 = Debug|Any CPU
		{EE193C9E-6F91-02F5-91BC-BF874779FCC4}.Release|Any CPU.ActiveCfg = Release|Any CPU
		{EE193C9E-6F91-02F5-91BC-BF874779FCC4}.Release|Any CPU.Build.0 = Release|Any CPU
		{10FF5647-D0F8-AA46-51BF-5A2BF7BED604}.Debug|Any CPU.ActiveCfg = Debug|Any CPU
		{10FF5647-D0F8-AA46-51BF-5A2BF7BED604}.Debug|Any CPU.Build.0 = Debug|Any CPU
		{10FF5647-D0F8-AA46-51BF-5A2BF7BED604}.Release|Any CPU.ActiveCfg = Release|Any CPU
		{10FF5647-D0F8-AA46-51BF-5A2BF7BED604}.Release|Any CPU.Build.0 = Release|Any CPU
		{0DCF2C7F-FC29-3813-4CC9-9DE4806A47A1}.Debug|Any CPU.ActiveCfg = Debug|Any CPU
		{0DCF2C7F-FC29-3813-4CC9-9DE4806A47A1}.Debug|Any CPU.Build.0 = Debug|Any CPU
		{0DCF2C7F-FC29-3813-4CC9-9DE4806A47A1}.Release|Any CPU.ActiveCfg = Release|Any CPU
		{0DCF2C7F-FC29-3813-4CC9-9DE4806A47A1}.Release|Any CPU.Build.0 = Release|Any CPU
		{D6EF893F-1A48-FDB2-716B-A495B6C02FCE}.Debug|Any CPU.ActiveCfg = Debug|Any CPU
		{D6EF893F-1A48-FDB2-716B-A495B6C02FCE}.Debug|Any CPU.Build.0 = Debug|Any CPU
		{D6EF893F-1A48-FDB2-716B-A495B6C02FCE}.Release|Any CPU.ActiveCfg = Release|Any CPU
		{D6EF893F-1A48-FDB2-716B-A495B6C02FCE}.Release|Any CPU.Build.0 = Release|Any CPU
		{EDCFF5B3-46DF-D3B9-EA85-11180E85799A}.Debug|Any CPU.ActiveCfg = Debug|Any CPU
		{EDCFF5B3-46DF-D3B9-EA85-11180E85799A}.Debug|Any CPU.Build.0 = Debug|Any CPU
		{EDCFF5B3-46DF-D3B9-EA85-11180E85799A}.Release|Any CPU.ActiveCfg = Release|Any CPU
		{EDCFF5B3-46DF-D3B9-EA85-11180E85799A}.Release|Any CPU.Build.0 = Release|Any CPU
		{0604B8D0-57F3-4A24-84A7-AD63189C2D2E}.Debug|Any CPU.ActiveCfg = Debug|Any CPU
		{0604B8D0-57F3-4A24-84A7-AD63189C2D2E}.Debug|Any CPU.Build.0 = Debug|Any CPU
		{0604B8D0-57F3-4A24-84A7-AD63189C2D2E}.Release|Any CPU.ActiveCfg = Release|Any CPU
		{0604B8D0-57F3-4A24-84A7-AD63189C2D2E}.Release|Any CPU.Build.0 = Release|Any CPU
		{43D3B2C9-E3E2-4E2E-A4B9-FD7BC4C28C36}.Debug|Any CPU.ActiveCfg = Debug|Any CPU
		{43D3B2C9-E3E2-4E2E-A4B9-FD7BC4C28C36}.Debug|Any CPU.Build.0 = Debug|Any CPU
		{43D3B2C9-E3E2-4E2E-A4B9-FD7BC4C28C36}.Release|Any CPU.ActiveCfg = Release|Any CPU
		{43D3B2C9-E3E2-4E2E-A4B9-FD7BC4C28C36}.Release|Any CPU.Build.0 = Release|Any CPU
		{9E6046F3-4745-4BEC-88E9-A7191C71C2C1}.Debug|Any CPU.ActiveCfg = Debug|Any CPU
		{9E6046F3-4745-4BEC-88E9-A7191C71C2C1}.Debug|Any CPU.Build.0 = Debug|Any CPU
		{9E6046F3-4745-4BEC-88E9-A7191C71C2C1}.Release|Any CPU.ActiveCfg = Release|Any CPU
		{9E6046F3-4745-4BEC-88E9-A7191C71C2C1}.Release|Any CPU.Build.0 = Release|Any CPU
		{A845B412-A32D-47EC-9321-7642B7E96C46}.Debug|Any CPU.ActiveCfg = Debug|Any CPU
		{A845B412-A32D-47EC-9321-7642B7E96C46}.Debug|Any CPU.Build.0 = Debug|Any CPU
		{A845B412-A32D-47EC-9321-7642B7E96C46}.Release|Any CPU.ActiveCfg = Release|Any CPU
		{A845B412-A32D-47EC-9321-7642B7E96C46}.Release|Any CPU.Build.0 = Release|Any CPU
		{4B4478A5-77E2-4A29-BD3A-607AD8921A94}.Debug|Any CPU.ActiveCfg = Debug|Any CPU
		{4B4478A5-77E2-4A29-BD3A-607AD8921A94}.Debug|Any CPU.Build.0 = Debug|Any CPU
		{4B4478A5-77E2-4A29-BD3A-607AD8921A94}.Release|Any CPU.ActiveCfg = Release|Any CPU
		{4B4478A5-77E2-4A29-BD3A-607AD8921A94}.Release|Any CPU.Build.0 = Release|Any CPU
		{012D1DD6-829E-93E2-E60B-1C24DB431235}.Debug|Any CPU.ActiveCfg = Debug|Any CPU
		{012D1DD6-829E-93E2-E60B-1C24DB431235}.Debug|Any CPU.Build.0 = Debug|Any CPU
		{012D1DD6-829E-93E2-E60B-1C24DB431235}.Release|Any CPU.ActiveCfg = Release|Any CPU
		{012D1DD6-829E-93E2-E60B-1C24DB431235}.Release|Any CPU.Build.0 = Release|Any CPU
		{0EF08183-00DD-48E3-BB58-304AC85175F9}.Debug|Any CPU.ActiveCfg = Debug|Any CPU
		{0EF08183-00DD-48E3-BB58-304AC85175F9}.Debug|Any CPU.Build.0 = Debug|Any CPU
		{0EF08183-00DD-48E3-BB58-304AC85175F9}.Release|Any CPU.ActiveCfg = Release|Any CPU
		{0EF08183-00DD-48E3-BB58-304AC85175F9}.Release|Any CPU.Build.0 = Release|Any CPU
		{41953138-CC40-4D81-81FE-94F5972531CC}.Debug|Any CPU.ActiveCfg = Debug|Any CPU
		{41953138-CC40-4D81-81FE-94F5972531CC}.Debug|Any CPU.Build.0 = Debug|Any CPU
		{41953138-CC40-4D81-81FE-94F5972531CC}.Release|Any CPU.ActiveCfg = Release|Any CPU
		{41953138-CC40-4D81-81FE-94F5972531CC}.Release|Any CPU.Build.0 = Release|Any CPU
		{8986A61F-7AA5-4BED-A559-5C8947F0C64E}.Debug|Any CPU.ActiveCfg = Debug|Any CPU
		{8986A61F-7AA5-4BED-A559-5C8947F0C64E}.Debug|Any CPU.Build.0 = Debug|Any CPU
		{8986A61F-7AA5-4BED-A559-5C8947F0C64E}.Release|Any CPU.ActiveCfg = Release|Any CPU
		{8986A61F-7AA5-4BED-A559-5C8947F0C64E}.Release|Any CPU.Build.0 = Release|Any CPU
		{A7F604EE-E2A3-8F8C-321C-1799EE2334D5}.Debug|Any CPU.ActiveCfg = Debug|Any CPU
		{A7F604EE-E2A3-8F8C-321C-1799EE2334D5}.Debug|Any CPU.Build.0 = Debug|Any CPU
		{A7F604EE-E2A3-8F8C-321C-1799EE2334D5}.Release|Any CPU.ActiveCfg = Release|Any CPU
		{A7F604EE-E2A3-8F8C-321C-1799EE2334D5}.Release|Any CPU.Build.0 = Release|Any CPU
		{26A1DF33-DDCC-429D-949B-A4800FBD0529}.Debug|Any CPU.ActiveCfg = Debug|Any CPU
		{26A1DF33-DDCC-429D-949B-A4800FBD0529}.Debug|Any CPU.Build.0 = Debug|Any CPU
		{26A1DF33-DDCC-429D-949B-A4800FBD0529}.Release|Any CPU.ActiveCfg = Release|Any CPU
		{26A1DF33-DDCC-429D-949B-A4800FBD0529}.Release|Any CPU.Build.0 = Release|Any CPU
		{9CFA53DD-208E-4339-A8DF-9F349733AF0E}.Debug|Any CPU.ActiveCfg = Debug|Any CPU
		{9CFA53DD-208E-4339-A8DF-9F349733AF0E}.Debug|Any CPU.Build.0 = Debug|Any CPU
		{9CFA53DD-208E-4339-A8DF-9F349733AF0E}.Release|Any CPU.ActiveCfg = Release|Any CPU
		{9CFA53DD-208E-4339-A8DF-9F349733AF0E}.Release|Any CPU.Build.0 = Release|Any CPU
		{B7617F60-9988-445C-AE25-0822109DB4CB}.Debug|Any CPU.ActiveCfg = Debug|Any CPU
		{B7617F60-9988-445C-AE25-0822109DB4CB}.Debug|Any CPU.Build.0 = Debug|Any CPU
		{B7617F60-9988-445C-AE25-0822109DB4CB}.Release|Any CPU.ActiveCfg = Release|Any CPU
		{B7617F60-9988-445C-AE25-0822109DB4CB}.Release|Any CPU.Build.0 = Release|Any CPU
		{46FC1739-CAC0-47AF-36F2-D8BE58A62F2B}.Debug|Any CPU.ActiveCfg = Debug|Any CPU
		{46FC1739-CAC0-47AF-36F2-D8BE58A62F2B}.Debug|Any CPU.Build.0 = Debug|Any CPU
		{46FC1739-CAC0-47AF-36F2-D8BE58A62F2B}.Release|Any CPU.ActiveCfg = Release|Any CPU
		{46FC1739-CAC0-47AF-36F2-D8BE58A62F2B}.Release|Any CPU.Build.0 = Release|Any CPU
		{CE80643C-800F-48CA-B76D-5582179F0AE1}.Debug|Any CPU.ActiveCfg = Debug|Any CPU
		{CE80643C-800F-48CA-B76D-5582179F0AE1}.Debug|Any CPU.Build.0 = Debug|Any CPU
		{CE80643C-800F-48CA-B76D-5582179F0AE1}.Release|Any CPU.ActiveCfg = Release|Any CPU
		{CE80643C-800F-48CA-B76D-5582179F0AE1}.Release|Any CPU.Build.0 = Release|Any CPU
		{E73AFABD-E827-41AD-814F-28A226664BDA}.Debug|Any CPU.ActiveCfg = Debug|Any CPU
		{E73AFABD-E827-41AD-814F-28A226664BDA}.Debug|Any CPU.Build.0 = Debug|Any CPU
		{E73AFABD-E827-41AD-814F-28A226664BDA}.Release|Any CPU.ActiveCfg = Release|Any CPU
		{E73AFABD-E827-41AD-814F-28A226664BDA}.Release|Any CPU.Build.0 = Release|Any CPU
		{DC2A3ECE-C6CC-410B-AE2A-B3C0F91FE06D}.Debug|Any CPU.ActiveCfg = Debug|Any CPU
		{DC2A3ECE-C6CC-410B-AE2A-B3C0F91FE06D}.Debug|Any CPU.Build.0 = Debug|Any CPU
		{DC2A3ECE-C6CC-410B-AE2A-B3C0F91FE06D}.Release|Any CPU.ActiveCfg = Release|Any CPU
		{DC2A3ECE-C6CC-410B-AE2A-B3C0F91FE06D}.Release|Any CPU.Build.0 = Release|Any CPU
		{3693B8A4-17D6-4426-AFFB-5311EC056B72}.Debug|Any CPU.ActiveCfg = Debug|Any CPU
		{3693B8A4-17D6-4426-AFFB-5311EC056B72}.Debug|Any CPU.Build.0 = Debug|Any CPU
		{3693B8A4-17D6-4426-AFFB-5311EC056B72}.Release|Any CPU.ActiveCfg = Release|Any CPU
		{3693B8A4-17D6-4426-AFFB-5311EC056B72}.Release|Any CPU.Build.0 = Release|Any CPU
		{D6F0BF00-72B4-4833-9B21-0D76C5385AA0}.Debug|Any CPU.ActiveCfg = Debug|Any CPU
		{D6F0BF00-72B4-4833-9B21-0D76C5385AA0}.Debug|Any CPU.Build.0 = Debug|Any CPU
		{D6F0BF00-72B4-4833-9B21-0D76C5385AA0}.Release|Any CPU.ActiveCfg = Release|Any CPU
		{D6F0BF00-72B4-4833-9B21-0D76C5385AA0}.Release|Any CPU.Build.0 = Release|Any CPU
		{0F9DBF7D-AFF2-46E4-916F-3BCB613056CE}.Debug|Any CPU.ActiveCfg = Debug|Any CPU
		{0F9DBF7D-AFF2-46E4-916F-3BCB613056CE}.Debug|Any CPU.Build.0 = Debug|Any CPU
		{0F9DBF7D-AFF2-46E4-916F-3BCB613056CE}.Release|Any CPU.ActiveCfg = Release|Any CPU
		{0F9DBF7D-AFF2-46E4-916F-3BCB613056CE}.Release|Any CPU.Build.0 = Release|Any CPU
		{54A8EAD5-C540-4F2F-91B8-C67F97E0610B}.Debug|Any CPU.ActiveCfg = Debug|Any CPU
		{54A8EAD5-C540-4F2F-91B8-C67F97E0610B}.Debug|Any CPU.Build.0 = Debug|Any CPU
		{54A8EAD5-C540-4F2F-91B8-C67F97E0610B}.Release|Any CPU.ActiveCfg = Release|Any CPU
		{54A8EAD5-C540-4F2F-91B8-C67F97E0610B}.Release|Any CPU.Build.0 = Release|Any CPU
		{D5F38C1E-AF0F-459F-B7CA-6821DECED0FD}.Debug|Any CPU.ActiveCfg = Debug|Any CPU
		{D5F38C1E-AF0F-459F-B7CA-6821DECED0FD}.Debug|Any CPU.Build.0 = Debug|Any CPU
		{D5F38C1E-AF0F-459F-B7CA-6821DECED0FD}.Release|Any CPU.ActiveCfg = Release|Any CPU
		{D5F38C1E-AF0F-459F-B7CA-6821DECED0FD}.Release|Any CPU.Build.0 = Release|Any CPU
	EndGlobalSection
	GlobalSection(SolutionProperties) = preSolution
		HideSolutionNode = FALSE
	EndGlobalSection
	GlobalSection(NestedProjects) = preSolution
		{39945E8F-641D-4B6F-924A-AAFE6FB084C0} = {1E65E54F-3E94-492F-8AC7-1A16783ACFC1}
		{7071A9B1-B2B2-3198-1391-9001ED0A5F19} = {378CEB33-BDE8-425F-9A3F-BD90D1EB6C11}
		{8A999756-FA96-F41A-F2F6-C235ED262CE3} = {378CEB33-BDE8-425F-9A3F-BD90D1EB6C11}
		{D9DD8C70-FEAF-9E61-2FC5-DBCB70DE0F63} = {378CEB33-BDE8-425F-9A3F-BD90D1EB6C11}
		{378CEB33-BDE8-425F-9A3F-BD90D1EB6C11} = {02EA681E-C7D8-13C7-8484-4AC65E1B71E8}
		{BFA7C5BD-32A8-5FC7-2581-C652C7A9DBED} = {CC21EB58-AB0F-48E4-AC9F-DB65D50EF2C7}
		{4FBE8D36-09C4-8FB6-27F1-B2C2A0BF70EC} = {CC21EB58-AB0F-48E4-AC9F-DB65D50EF2C7}
		{CC21EB58-AB0F-48E4-AC9F-DB65D50EF2C7} = {02EA681E-C7D8-13C7-8484-4AC65E1B71E8}
		{98706DF7-AA78-0A54-DB0B-D18D0FCF5666} = {02EA681E-C7D8-13C7-8484-4AC65E1B71E8}
		{83F8CE58-F6E3-2A22-BA09-A6B44BCFBD5F} = {DE3F0343-EBB0-4620-B052-5F0C37BAD7ED}
		{DE3F0343-EBB0-4620-B052-5F0C37BAD7ED} = {02EA681E-C7D8-13C7-8484-4AC65E1B71E8}
		{330C76D8-5AC2-441B-57A2-4F0CDEF01437} = {02EA681E-C7D8-13C7-8484-4AC65E1B71E8}
		{90F662D6-99BB-12A6-C2E3-77A81316205F} = {1F33E5A5-B8B3-47B6-8877-E87E5C00275A}
		{EE193C9E-6F91-02F5-91BC-BF874779FCC4} = {1F33E5A5-B8B3-47B6-8877-E87E5C00275A}
		{1F33E5A5-B8B3-47B6-8877-E87E5C00275A} = {02EA681E-C7D8-13C7-8484-4AC65E1B71E8}
		{10FF5647-D0F8-AA46-51BF-5A2BF7BED604} = {39945E8F-641D-4B6F-924A-AAFE6FB084C0}
		{0DCF2C7F-FC29-3813-4CC9-9DE4806A47A1} = {39945E8F-641D-4B6F-924A-AAFE6FB084C0}
		{D6EF893F-1A48-FDB2-716B-A495B6C02FCE} = {39945E8F-641D-4B6F-924A-AAFE6FB084C0}
		{EDCFF5B3-46DF-D3B9-EA85-11180E85799A} = {39945E8F-641D-4B6F-924A-AAFE6FB084C0}
		{F906F816-F450-48BF-B0AB-C4E5AF1EC43D} = {39945E8F-641D-4B6F-924A-AAFE6FB084C0}
		{0604B8D0-57F3-4A24-84A7-AD63189C2D2E} = {F906F816-F450-48BF-B0AB-C4E5AF1EC43D}
		{43D3B2C9-E3E2-4E2E-A4B9-FD7BC4C28C36} = {F906F816-F450-48BF-B0AB-C4E5AF1EC43D}
		{9E6046F3-4745-4BEC-88E9-A7191C71C2C1} = {1F33E5A5-B8B3-47B6-8877-E87E5C00275A}
		{A845B412-A32D-47EC-9321-7642B7E96C46} = {1F33E5A5-B8B3-47B6-8877-E87E5C00275A}
		{4B4478A5-77E2-4A29-BD3A-607AD8921A94} = {F906F816-F450-48BF-B0AB-C4E5AF1EC43D}
		{012D1DD6-829E-93E2-E60B-1C24DB431235} = {F906F816-F450-48BF-B0AB-C4E5AF1EC43D}
		{0EF08183-00DD-48E3-BB58-304AC85175F9} = {F906F816-F450-48BF-B0AB-C4E5AF1EC43D}
		{41953138-CC40-4D81-81FE-94F5972531CC} = {F906F816-F450-48BF-B0AB-C4E5AF1EC43D}
		{8986A61F-7AA5-4BED-A559-5C8947F0C64E} = {1F33E5A5-B8B3-47B6-8877-E87E5C00275A}
		{A7F604EE-E2A3-8F8C-321C-1799EE2334D5} = {378CEB33-BDE8-425F-9A3F-BD90D1EB6C11}
		{9CFA53DD-208E-4339-A8DF-9F349733AF0E} = {1F33E5A5-B8B3-47B6-8877-E87E5C00275A}
		{B7617F60-9988-445C-AE25-0822109DB4CB} = {1F33E5A5-B8B3-47B6-8877-E87E5C00275A}
		{E4BBB782-D6BE-4447-9715-C3A0B410B90B} = {1E65E54F-3E94-492F-8AC7-1A16783ACFC1}
		{CE80643C-800F-48CA-B76D-5582179F0AE1} = {E4BBB782-D6BE-4447-9715-C3A0B410B90B}
		{E73AFABD-E827-41AD-814F-28A226664BDA} = {E4BBB782-D6BE-4447-9715-C3A0B410B90B}
		{4A301B29-C241-4F1A-84C7-A5790F5B266B} = {E4BBB782-D6BE-4447-9715-C3A0B410B90B}
		{DC2A3ECE-C6CC-410B-AE2A-B3C0F91FE06D} = {4A301B29-C241-4F1A-84C7-A5790F5B266B}
		{3693B8A4-17D6-4426-AFFB-5311EC056B72} = {E4BBB782-D6BE-4447-9715-C3A0B410B90B}
		{D6F0BF00-72B4-4833-9B21-0D76C5385AA0} = {E4BBB782-D6BE-4447-9715-C3A0B410B90B}
		{0F9DBF7D-AFF2-46E4-916F-3BCB613056CE} = {C2ABC29B-8EF5-4ACD-9481-26592E460D4D}
		{54A8EAD5-C540-4F2F-91B8-C67F97E0610B} = {C2ABC29B-8EF5-4ACD-9481-26592E460D4D}
		{D5F38C1E-AF0F-459F-B7CA-6821DECED0FD} = {4A301B29-C241-4F1A-84C7-A5790F5B266B}
	EndGlobalSection
	GlobalSection(ExtensibilityGlobals) = postSolution
		SolutionGuid = {8A56A4DE-080B-4E9D-A668-970CCD19E514}
	EndGlobalSection
EndGlobal
